{
  "lockfileVersion": 1,
  "configVersion": 1,
  "workspaces": {
    "": {
      "name": "my-opentui-project",
      "dependencies": {
        "@opentui/core": "^0.5.12",
        "@opentui/react": "^0.5.12",
        "react": "^19.2.8",
      },
      "devDependencies": {
        "@types/bun": "1.3.14",
        "typescript": "^5.9.3",
      },
    },
  },
  "packages": {
    "@opentui/core": ["@opentui/core@0.5.12", "", { "dependencies": { "bun-ffi-structs": "0.3.1", "diff": "9.0.0", "marked": "17.0.1", "string-width": "7.2.0", "strip-ansi": "7.1.2" }, "optionalDependencies": { "@opentui/core-darwin-arm64": "0.5.12", "@opentui/core-darwin-x64": "0.5.12", "@opentui/core-linux-arm64": "0.5.12", "@opentui/core-linux-arm64-musl": "0.5.12", "@opentui/core-linux-x64": "0.5.12", "@opentui/core-linux-x64-musl": "0.5.12", "@opentui/core-win32-arm64": "0.5.12", "@opentui/core-win32-x64": "0.5.12" }, "peerDependencies": { "web-tree-sitter": "0.25.10" } }, "sha512-ZXBE5gmvdovmV8zJQrOQf6E44v1tJRDEgrM2MYhEglzgXZ+smIUp95O8zeRYGsuIzQIiMPMgQqKtTJuzvAb7BQ=="],

    "@opentui/core-darwin-arm64": ["@opentui/core-darwin-arm64@0.5.12", "", { "os": "darwin", "cpu": "arm64" }, "sha512-YdVnP0tAyerBNl0mIcmQEOotPeZzW1VnSXKBl5cyZ5e6nDd2Y+ui/8eRPpn1oqcamf1NCnzS4ohMgejOvna8Zg=="],

    "@opentui/core-darwin-x64": ["@opentui/core-darwin-x64@0.5.12", "", { "os": "darwin", "cpu": "x64" }, "sha512-uRrQJdHmLUSj3PV23QPi3WSimYTTxcXnVouxF6U4xMXlOv4N3SxnHfVwMRQkPqbGOfvVWHeLE6FdK4C+ubU0sQ=="],

    "@opentui/core-linux-arm64": ["@opentui/core-linux-arm64@0.5.12", "", { "os": "linux", "cpu": "arm64" }, "sha512-XeKhuIaEtgipvuPHbl4qPOBj+Ut+2zObmsxMVM1jDcjz/FatG9PGeGQPx1G1SnvH2AgpT4K+eCu7DUF0+yIqoQ=="],

    "@opentui/core-linux-arm64-musl": ["@opentui/core-linux-arm64-musl@0.5.12", "", { "os": "linux", "cpu": "arm64" }, "sha512-VZ2sNMw1d/r1SLPjUbOP9LKscKz1CQjID8adTL6gG8Lrrq+mYcIUxutyB+P/eG0J/7oRZLPR6OMt7dUOap6RTg=="],

    "@opentui/core-linux-x64": ["@opentui/core-linux-x64@0.5.12", "", { "os": "linux", "cpu": "x64" }, "sha512-eZiCjEzwbb6qClPPfk32Nha9xmr9obt69Xj0+9SKsXxWLBKkjQEGOMRoh/R9ObaQF4aq8If1xV3VEY0sD9W9vg=="],

    "@opentui/core-linux-x64-musl": ["@opentui/core-linux-x64-musl@0.5.12", "", { "os": "linux", "cpu": "x64" }, "sha512-WWW0hVBoSYZ3D6AgZ4u2Y5/u/IyIq2pDb+4yI3WgJ70Wyt6ofHy+6kRGRgbXFn1p+rPInAHjCXD2v6C7iEKSrA=="],

    "@opentui/core-win32-arm64": ["@opentui/core-win32-arm64@0.5.12", "", { "os": "win32", "cpu": "arm64" }, "sha512-aLbm6870Ybls6CYL4zMOCImTBPLZHZMUXJFGqMI44lIWxitkAtT6zg5lYA4oRqFRzzryDclxr29+hDgT3p3Blw=="],

    "@opentui/core-win32-x64": ["@opentui/core-win32-x64@0.5.12", "", { "os": "win32", "cpu": "x64" }, "sha512-KTwtwpfd2zF9opVh3SyRJYDd1o3Xv4XL8OZb8Zi+CqWUel6Y2IDCiVivCv8fGJt3J7wOIXXtuZI9ZUkLyKJCiQ=="],

    "@opentui/react": ["@opentui/react@0.5.12", "", { "dependencies": { "@opentui/core": "0.5.12", "react-reconciler": "^0.33.0" }, "peerDependencies": { "react": ">=19.2.0", "react-devtools-core": "^7.0.1", "ws": "^8.18.0" } }, "sha512-cHzTW0Pyr2kl/sMX7nviP2TM0kLwE8x1Dny5KweqCj0PFBAQsISboTxq0jjjeVAUEYWY89xfDzz+rGpwBzWbRg=="],

    "@types/bun": ["@types/bun@1.3.14", "", { "dependencies": { "bun-types": "1.3.14" } }, "sha512-h1hFqFVcvAvD9j9K7ZW7vd82aSA+rTdznZa+5bwvCwqSB1jmmfLcbIWhOLx1/+boy/xmjgCs/OMUL8hRJSmnPw=="],

    "@types/node": ["@types/node@26.4.0", "", { "dependencies": { "undici-types": "~8.3.0" } }, "sha512-faiGnoIrLH/V8cibOMEAZ8pMw6oXqSukl29ra4mN8GdaB2ZewzeaLj+INpV5N+Z1eKWzY+IzaIZH2EIR6YZRNQ=="],

    "ansi-regex": ["ansi-regex@6.3.0", "", {}, "sha512-WpDfL7NO6j7tH88IDBNVdUJxDh9nmCteAVW9dsep846XdwF4naCBK+/tGLX3KJgcpgMRXCFlTM2hKGoK9FsdrQ=="],

    "bun-ffi-structs": ["bun-ffi-structs@0.3.1", "", { "peerDependencies": { "typescript": "^5" } }, "sha512-3gM7PpVWLyrwxWjcilSiGuhWanhZivvo6l0u573NziPH6f/gwk6McbaYgn7oJWov6pKGRTDbrg94W5DcJsKTtQ=="],

    "bun-types": ["bun-types@1.3.14", "", { "dependencies": { "@types/node": "*" } }, "sha512-4N0ig0fEomHt5R0KCFWjovxow98rIoRwKolrYdCcknNwMekCXRnWEUvgu5soYV8QXtVsrUD8B95MBOZGPvr6KQ=="],

    "diff": ["diff@9.0.0", "", {}, "sha512-svtcdpS8CgJyqAjEQIXdb3OjhFVVYjzGAPO8WGCmRbrml64SPw/jJD4GoE98aR7r25A0XcgrK3F02yw9R/vhQw=="],

    "emoji-regex": ["emoji-regex@10.6.0", "", {}, "sha512-toUI84YS5YmxW219erniWD0CIVOo46xGKColeNQRgOzDorgBi1v4D71/OFzgD9GO2UGKIv1C3Sp8DAn0+j5w7A=="],

    "get-east-asian-width": ["get-east-asian-width@1.6.0", "", {}, "sha512-QRbvDIbx6YklUe6RxeTeleMR0yv3cYH6PsPZHcnVn7xv7zO1BHN8r0XETu8n6Ye3Q+ahtSarc3WgtNWmehIBfA=="],

    "marked": ["marked@17.0.1", "", { "bin": { "marked": "bin/marked.js" } }, "sha512-boeBdiS0ghpWcSwoNm/jJBwdpFaMnZWRzjA6SkUMYb40SVaN1x7mmfGKp0jvexGcx+7y2La5zRZsYFZI6Qpypg=="],

    "react": ["react@19.2.8", "", {}, "sha512-PWaYA1L/q9u2u7xYQi+Y3L3Yfnie7XyLeaJICV1MGD6LprsBxcAqGjYyr0eY3p+QdsA+x/Irkt4Qif8D63+Sbw=="],

    "react-devtools-core": ["react-devtools-core@7.0.1", "", { "dependencies": { "shell-quote": "^1.6.1", "ws": "^7" } }, "sha512-C3yNvRHaizlpiASzy7b9vbnBGLrhvdhl1CbdU6EnZgxPNbai60szdLtl+VL76UNOt5bOoVTOz5rNWZxgGt+Gsw=="],

    "react-reconciler": ["react-reconciler@0.33.0", "", { "dependencies": { "scheduler": "^0.27.0" }, "peerDependencies": { "react": "^19.2.0" } }, "sha512-KetWRytFv1epdpJc3J4G75I4WrplZE5jOL7Yq0p34+OVOKF4Se7WrdIdVC45XsSSmUTlht2FM/fM1FZb1mfQeA=="],

    "scheduler": ["scheduler@0.27.0", "", {}, "sha512-eNv+WrVbKu1f3vbYJT/xtiF5syA5HPIMtf9IgY/nKg0sWqzAUEvqY/xm7OcZc/qafLx/iO9FgOmeSAp4v5ti/Q=="],

    "shell-quote": ["shell-quote@1.10.0", "", {}, "sha512-w1aiOKwKuRgtwAReIIj89puqg+I7GvX4IbLrvmhXbzQsj1+Zwi4VO3+fa6ZF91TWSjIxoEkKnMeHcLEODK5ZXA=="],

    "string-width": ["string-width@7.2.0", "", { "dependencies": { "emoji-regex": "^10.3.0", "get-east-asian-width": "^1.0.0", "strip-ansi": "^7.1.0" } }, "sha512-tsaTIkKW9b4N+AEj+SVA+WhJzV7/zMhcSu78mLKWSk7cXMOSHsBKFWUs0fWwq8QyK3MgJBQRX6Gbi4kYbdvGkQ=="],

    "strip-ansi": ["strip-ansi@7.1.2", "", { "dependencies": { "ansi-regex": "^6.0.1" } }, "sha512-gmBGslpoQJtgnMAvOVqGZpEz9dyoKTCzy2nfz/n8aIFhN/jCE/rCmcxabB6jOOHV+0WNnylOxaxBQPSvcWklhA=="],

    "typescript": ["typescript@5.9.3", "", { "bin": { "tsc": "bin/tsc", "tsserver": "bin/tsserver" } }, "sha512-jl1vZzPDinLr9eUt3J/t7V6FgNEw9QjvBPdysz9KfQDD41fQrC2Y4vKQdiaUpFT4bXlb1RHhLpp8wtm6M5TgSw=="],

    "undici-types": ["undici-types@8.3.0", "", {}, "sha512-j375ScV60dom+YkPFIfTLcOiPxkN/buHz5GobjLhixFuANaNs3C9l4GmrWqejgXWJ7BbJcFYpTEUkS1Ge8bpZQ=="],

    "web-tree-sitter": ["web-tree-sitter@0.25.10", "", { "peerDependencies": { "@types/emscripten": "^1.40.0" }, "optionalPeers": ["@types/emscripten"] }, "sha512-Y09sF44/13XvgVKgO2cNDw5rGk6s26MgoZPXLESvMXeefBf7i6/73eFurre0IsTW6E14Y0ArIzhUMmjoc7xyzA=="],

    "ws": ["ws@8.21.3", "", { "peerDependencies": { "bufferutil": "^4.0.1", "utf-8-validate": ">=5.0.2" }, "optionalPeers": ["bufferutil", "utf-8-validate"] }, "sha512-201TZ/kPWxoPr/OKWjquZR1SWKXcvxdH+e1xrx89b3YbmzLMFCLfnaG1HFIgWzJOEWZ7MvpK++odZufgYR50Rw=="],

    "react-devtools-core/ws": ["ws@7.5.13", "", { "peerDependencies": { "bufferutil": "^4.0.1", "utf-8-validate": "^5.0.2" }, "optionalPeers": ["bufferutil", "utf-8-validate"] }, "sha512-rsKI6xDBFVf4r/x8XyChGK04QR/XHroxs/jUcoWvtEZM8TPU/X/uIY9B1CsSzYws9ZJb/6bbBu7dPhFW00CAoA=="],
  }
}
