{
	"name": "testing-infra",
	"version": "0.1.0",
	"lockfileVersion": 3,
	"requires": true,
	"packages": {
		"": {
			"name": "testing-infra",
			"version": "0.1.0",
			"dependencies": {
				"jest-diff": "^30.1.2"
			},
			"devDependencies": {
				"@types/lodash": "^4.17.20",
				"lodash": "^4.17.21",
				"ts-node": "^10.9.1",
				"typescript": "^5.3.3"
			}
		},
		"node_modules/@cspotcode/source-map-support": {
			"version": "0.8.1",
			"resolved": "https://registry.npmjs.org/@cspotcode/source-map-support/-/source-map-support-0.8.1.tgz",
			"integrity": "sha512-IchNf6dN4tHoMFIn/7OE8LWZ19Y6q/67Bmf6vnGREv8RSbBVb9LPJxEcnwrcwX6ixSvaiGoomAUvu4YSxXrVgw==",
			"dev": true,
			"license": "MIT",
			"dependencies": {
				"@jridgewell/trace-mapping": "0.3.9"
			},
			"engines": {
				"node": ">=12"
			}
		},
		"node_modules/@jest/diff-sequences": {
			"version": "30.0.1",
			"resolved": "https://registry.npmjs.org/@jest/diff-sequences/-/diff-sequences-30.0.1.tgz",
			"integrity": "sha512-n5H8QLDJ47QqbCNn5SuFjCRDrOLEZ0h8vAHCK5RL9Ls7Xa8AQLa/YxAc9UjFqoEDM48muwtBGjtMY5cr0PLDCw==",
			"license": "MIT",
			"engines": {
				"node": "^18.14.0 || ^20.0.0 || ^22.0.0 || >=24.0.0"
			}
		},
		"node_modules/@jest/get-type": {
			"version": "30.1.0",
			"resolved": "https://registry.npmjs.org/@jest/get-type/-/get-type-30.1.0.tgz",
			"integrity": "sha512-eMbZE2hUnx1WV0pmURZY9XoXPkUYjpc55mb0CrhtdWLtzMQPFvu/rZkTLZFTsdaVQa+Tr4eWAteqcUzoawq/uA==",
			"license": "MIT",
			"engines": {
				"node": "^18.14.0 || ^20.0.0 || ^22.0.0 || >=24.0.0"
			}
		},
		"node_modules/@jest/schemas": {
			"version": "30.0.5",
			"resolved": "https://registry.npmjs.org/@jest/schemas/-/schemas-30.0.5.tgz",
			"integrity": "sha512-DmdYgtezMkh3cpU8/1uyXakv3tJRcmcXxBOcO0tbaozPwpmh4YMsnWrQm9ZmZMfa5ocbxzbFk6O4bDPEc/iAnA==",
			"license": "MIT",
			"dependencies": {
				"@sinclair/typebox": "^0.34.0"
			},
			"engines": {
				"node": "^18.14.0 || ^20.0.0 || ^22.0.0 || >=24.0.0"
			}
		},
		"node_modules/@jridgewell/resolve-uri": {
			"version": "3.1.2",
			"resolved": "https://registry.npmjs.org/@jridgewell/resolve-uri/-/resolve-uri-3.1.2.tgz",
			"integrity": "sha512-bRISgCIjP20/tbWSPWMEi54QVPRZExkuD9lJL+UIxUKtwVJA8wW1Trb1jMs1RFXo1CBTNZ/5hpC9QvmKWdopKw==",
			"dev": true,
			"license": "MIT",
			"engines": {
				"node": ">=6.0.0"
			}
		},
		"node_modules/@jridgewell/sourcemap-codec": {
			"version": "1.5.5",
			"resolved": "https://registry.npmjs.org/@jridgewell/sourcemap-codec/-/sourcemap-codec-1.5.5.tgz",
			"integrity": "sha512-cYQ9310grqxueWbl+WuIUIaiUaDcj7WOq5fVhEljNVgRfOUhY9fy2zTvfoqWsnebh8Sl70VScFbICvJnLKB0Og==",
			"dev": true,
			"license": "MIT"
		},
		"node_modules/@jridgewell/trace-mapping": {
			"version": "0.3.9",
			"resolved": "https://registry.npmjs.org/@jridgewell/trace-mapping/-/trace-mapping-0.3.9.tgz",
			"integrity": "sha512-3Belt6tdc8bPgAtbcmdtNJlirVoTmEb5e2gC94PnkwEW9jI6CAHUeoG85tjWP5WquqfavoMtMwiG4P926ZKKuQ==",
			"dev": true,
			"license": "MIT",
			"dependencies": {
				"@jridgewell/resolve-uri": "^3.0.3",
				"@jridgewell/sourcemap-codec": "^1.4.10"
			}
		},
		"node_modules/@sinclair/typebox": {
			"version": "0.34.41",
			"resolved": "https://registry.npmjs.org/@sinclair/typebox/-/typebox-0.34.41.tgz",
			"integrity": "sha512-6gS8pZzSXdyRHTIqoqSVknxolr1kzfy4/CeDnrzsVz8TTIWUbOBr6gnzOmTYJ3eXQNh4IYHIGi5aIL7sOZ2G/g==",
			"license": "MIT"
		},
		"node_modules/@tsconfig/node10": {
			"version": "1.0.11",
			"resolved": "https://registry.npmjs.org/@tsconfig/node10/-/node10-1.0.11.tgz",
			"integrity": "sha512-DcRjDCujK/kCk/cUe8Xz8ZSpm8mS3mNNpta+jGCA6USEDfktlNvm1+IuZ9eTcDbNk41BHwpHHeW+N1lKCz4zOw==",
			"dev": true,
			"license": "MIT"
		},
		"node_modules/@tsconfig/node12": {
			"version": "1.0.11",
			"resolved": "https://registry.npmjs.org/@tsconfig/node12/-/node12-1.0.11.tgz",
			"integrity": "sha512-cqefuRsh12pWyGsIoBKJA9luFu3mRxCA+ORZvA4ktLSzIuCUtWVxGIuXigEwO5/ywWFMZ2QEGKWvkZG1zDMTag==",
			"dev": true,
			"license": "MIT"
		},
		"node_modules/@tsconfig/node14": {
			"version": "1.0.3",
			"resolved": "https://registry.npmjs.org/@tsconfig/node14/-/node14-1.0.3.tgz",
			"integrity": "sha512-ysT8mhdixWK6Hw3i1V2AeRqZ5WfXg1G43mqoYlM2nc6388Fq5jcXyr5mRsqViLx/GJYdoL0bfXD8nmF+Zn/Iow==",
			"dev": true,
			"license": "MIT"
		},
		"node_modules/@tsconfig/node16": {
			"version": "1.0.4",
			"resolved": "https://registry.npmjs.org/@tsconfig/node16/-/node16-1.0.4.tgz",
			"integrity": "sha512-vxhUy4J8lyeyinH7Azl1pdd43GJhZH/tP2weN8TntQblOY+A0XbT8DJk1/oCPuOOyg/Ja757rG0CgHcWC8OfMA==",
			"dev": true,
			"license": "MIT"
		},
		"node_modules/@types/lodash": {
			"version": "4.17.20",
			"resolved": "https://registry.npmjs.org/@types/lodash/-/lodash-4.17.20.tgz",
			"integrity": "sha512-H3MHACvFUEiujabxhaI/ImO6gUrd8oOurg7LQtS7mbwIXA/cUqWrvBsaeJ23aZEPk1TAYkurjfMbSELfoCXlGA==",
			"dev": true,
			"license": "MIT"
		},
		"node_modules/@types/node": {
			"version": "24.3.1",
			"resolved": "https://registry.npmjs.org/@types/node/-/node-24.3.1.tgz",
			"integrity": "sha512-3vXmQDXy+woz+gnrTvuvNrPzekOi+Ds0ReMxw0LzBiK3a+1k0kQn9f2NWk+lgD4rJehFUmYy2gMhJ2ZI+7YP9g==",
			"dev": true,
			"license": "MIT",
			"peer": true,
			"dependencies": {
				"undici-types": "~7.10.0"
			}
		},
		"node_modules/acorn": {
			"version": "8.15.0",
			"resolved": "https://registry.npmjs.org/acorn/-/acorn-8.15.0.tgz",
			"integrity": "sha512-NZyJarBfL7nWwIq+FDL6Zp/yHEhePMNnnJ0y3qfieCrmNvYct8uvtiV41UvlSe6apAfk0fY1FbWx+NwfmpvtTg==",
			"dev": true,
			"license": "MIT",
			"bin": {
				"acorn": "bin/acorn"
			},
			"engines": {
				"node": ">=0.4.0"
			}
		},
		"node_modules/acorn-walk": {
			"version": "8.3.4",
			"resolved": "https://registry.npmjs.org/acorn-walk/-/acorn-walk-8.3.4.tgz",
			"integrity": "sha512-ueEepnujpqee2o5aIYnvHU6C0A42MNdsIDeqy5BydrkuC5R1ZuUFnm27EeFJGoEHJQgn3uleRvmTXaJgfXbt4g==",
			"dev": true,
			"license": "MIT",
			"dependencies": {
				"acorn": "^8.11.0"
			},
			"engines": {
				"node": ">=0.4.0"
			}
		},
		"node_modules/ansi-styles": {
			"version": "4.3.0",
			"resolved": "https://registry.npmjs.org/ansi-styles/-/ansi-styles-4.3.0.tgz",
			"integrity": "sha512-zbB9rCJAT1rbjiVDb2hqKFHNYLxgtk8NURxZ3IZwD3F6NtxbXZQCnnSi1Lkx+IDohdPlFp222wVALIheZJQSEg==",
			"license": "MIT",
			"dependencies": {
				"color-convert": "^2.0.1"
			},
			"engines": {
				"node": ">=8"
			},
			"funding": {
				"url": "https://github.com/chalk/ansi-styles?sponsor=1"
			}
		},
		"node_modules/arg": {
			"version": "4.1.3",
			"resolved": "https://registry.npmjs.org/arg/-/arg-4.1.3.tgz",
			"integrity": "sha512-58S9QDqG0Xx27YwPSt9fJxivjYl432YCwfDMfZ+71RAqUrZef7LrKQZ3LHLOwCS4FLNBplP533Zx895SeOCHvA==",
			"dev": true,
			"license": "MIT"
		},
		"node_modules/chalk": {
			"version": "4.1.2",
			"resolved": "https://registry.npmjs.org/chalk/-/chalk-4.1.2.tgz",
			"integrity": "sha512-oKnbhFyRIXpUuez8iBMmyEa4nbj4IOQyuhc/wy9kY7/WVPcwIO9VA668Pu8RkO7+0G76SLROeyw9CpQ061i4mA==",
			"license": "MIT",
			"dependencies": {
				"ansi-styles": "^4.1.0",
				"supports-color": "^7.1.0"
			},
			"engines": {
				"node": ">=10"
			},
			"funding": {
				"url": "https://github.com/chalk/chalk?sponsor=1"
			}
		},
		"node_modules/color-convert": {
			"version": "2.0.1",
			"resolved": "https://registry.npmjs.org/color-convert/-/color-convert-2.0.1.tgz",
			"integrity": "sha512-RRECPsj7iu/xb5oKYcsFHSppFNnsj/52OVTRKb4zP5onXwVF3zVmmToNcOfGC+CRDpfK/U584fMg38ZHCaElKQ==",
			"license": "MIT",
			"dependencies": {
				"color-name": "~1.1.4"
			},
			"engines": {
				"node": ">=7.0.0"
			}
		},
		"node_modules/color-name": {
			"version": "1.1.4",
			"resolved": "https://registry.npmjs.org/color-name/-/color-name-1.1.4.tgz",
			"integrity": "sha512-dOy+3AuW3a2wNbZHIuMZpTcgjGuLU/uBL/ubcZF9OXbDo8ff4O8yVp5Bf0efS8uEoYo5q4Fx7dY9OgQGXgAsQA==",
			"license": "MIT"
		},
		"node_modules/create-require": {
			"version": "1.1.1",
			"resolved": "https://registry.npmjs.org/create-require/-/create-require-1.1.1.tgz",
			"integrity": "sha512-dcKFX3jn0MpIaXjisoRvexIJVEKzaq7z2rZKxf+MSr9TkdmHmsU4m2lcLojrj/FHl8mk5VxMmYA+ftRkP/3oKQ==",
			"dev": true,
			"license": "MIT"
		},
		"node_modules/diff": {
			"version": "4.0.2",
			"resolved": "https://registry.npmjs.org/diff/-/diff-4.0.2.tgz",
			"integrity": "sha512-58lmxKSA4BNyLz+HHMUzlOEpg09FV+ev6ZMe3vJihgdxzgcwZ8VoEEPmALCZG9LmqfVoNMMKpttIYTVG6uDY7A==",
			"dev": true,
			"license": "BSD-3-Clause",
			"engines": {
				"node": ">=0.3.1"
			}
		},
		"node_modules/has-flag": {
			"version": "4.0.0",
			"resolved": "https://registry.npmjs.org/has-flag/-/has-flag-4.0.0.tgz",
			"integrity": "sha512-EykJT/Q1KjTWctppgIAgfSO0tKVuZUjhgMr17kqTumMl6Afv3EISleU7qZUzoXDFTAHTDC4NOoG/ZxU3EvlMPQ==",
			"license": "MIT",
			"engines": {
				"node": ">=8"
			}
		},
		"node_modules/jest-diff": {
			"version": "30.1.2",
			"resolved": "https://registry.npmjs.org/jest-diff/-/jest-diff-30.1.2.tgz",
			"integrity": "sha512-4+prq+9J61mOVXCa4Qp8ZjavdxzrWQXrI80GNxP8f4tkI2syPuPrJgdRPZRrfUTRvIoUwcmNLbqEJy9W800+NQ==",
			"license": "MIT",
			"dependencies": {
				"@jest/diff-sequences": "30.0.1",
				"@jest/get-type": "30.1.0",
				"chalk": "^4.1.2",
				"pretty-format": "30.0.5"
			},
			"engines": {
				"node": "^18.14.0 || ^20.0.0 || ^22.0.0 || >=24.0.0"
			}
		},
		"node_modules/lodash": {
			"version": "4.17.21",
			"resolved": "https://registry.npmjs.org/lodash/-/lodash-4.17.21.tgz",
			"integrity": "sha512-v2kDEe57lecTulaDIuNTPy3Ry4gLGJ6Z1O3vE1krgXZNrsQ+LFTGHVxVjcXPs17LhbZVGedAJv8XZ1tvj5FvSg==",
			"dev": true,
			"license": "MIT"
		},
		"node_modules/make-error": {
			"version": "1.3.6",
			"resolved": "https://registry.npmjs.org/make-error/-/make-error-1.3.6.tgz",
			"integrity": "sha512-s8UhlNe7vPKomQhC1qFelMokr/Sc3AgNbso3n74mVPA5LTZwkB9NlXf4XPamLxJE8h0gh73rM94xvwRT2CVInw==",
			"dev": true,
			"license": "ISC"
		},
		"node_modules/pretty-format": {
			"version": "30.0.5",
			"resolved": "https://registry.npmjs.org/pretty-format/-/pretty-format-30.0.5.tgz",
			"integrity": "sha512-D1tKtYvByrBkFLe2wHJl2bwMJIiT8rW+XA+TiataH79/FszLQMrpGEvzUVkzPau7OCO0Qnrhpe87PqtOAIB8Yw==",
			"license": "MIT",
			"dependencies": {
				"@jest/schemas": "30.0.5",
				"ansi-styles": "^5.2.0",
				"react-is": "^18.3.1"
			},
			"engines": {
				"node": "^18.14.0 || ^20.0.0 || ^22.0.0 || >=24.0.0"
			}
		},
		"node_modules/pretty-format/node_modules/ansi-styles": {
			"version": "5.2.0",
			"resolved": "https://registry.npmjs.org/ansi-styles/-/ansi-styles-5.2.0.tgz",
			"integrity": "sha512-Cxwpt2SfTzTtXcfOlzGEee8O+c+MmUgGrNiBcXnuWxuFJHe6a5Hz7qwhwe5OgaSYI0IJvkLqWX1ASG+cJOkEiA==",
			"license": "MIT",
			"engines": {
				"node": ">=10"
			},
			"funding": {
				"url": "https://github.com/chalk/ansi-styles?sponsor=1"
			}
		},
		"node_modules/react-is": {
			"version": "18.3.1",
			"resolved": "https://registry.npmjs.org/react-is/-/react-is-18.3.1.tgz",
			"integrity": "sha512-/LLMVyas0ljjAtoYiPqYiL8VWXzUUdThrmU5+n20DZv+a+ClRoevUzw5JxU+Ieh5/c87ytoTBV9G1FiKfNJdmg==",
			"license": "MIT"
		},
		"node_modules/supports-color": {
			"version": "7.2.0",
			"resolved": "https://registry.npmjs.org/supports-color/-/supports-color-7.2.0.tgz",
			"integrity": "sha512-qpCAvRl9stuOHveKsn7HncJRvv501qIacKzQlO/+Lwxc9+0q2wLyv4Dfvt80/DPn2pqOBsJdDiogXGR9+OvwRw==",
			"license": "MIT",
			"dependencies": {
				"has-flag": "^4.0.0"
			},
			"engines": {
				"node": ">=8"
			}
		},
		"node_modules/ts-node": {
			"version": "10.9.2",
			"resolved": "https://registry.npmjs.org/ts-node/-/ts-node-10.9.2.tgz",
			"integrity": "sha512-f0FFpIdcHgn8zcPSbf1dRevwt047YMnaiJM3u2w2RewrB+fob/zePZcrOyQoLMMO7aBIddLcQIEK5dYjkLnGrQ==",
			"dev": true,
			"license": "MIT",
			"dependencies": {
				"@cspotcode/source-map-support": "^0.8.0",
				"@tsconfig/node10": "^1.0.7",
				"@tsconfig/node12": "^1.0.7",
				"@tsconfig/node14": "^1.0.0",
				"@tsconfig/node16": "^1.0.2",
				"acorn": "^8.4.1",
				"acorn-walk": "^8.1.1",
				"arg": "^4.1.0",
				"create-require": "^1.1.0",
				"diff": "^4.0.1",
				"make-error": "^1.1.1",
				"v8-compile-cache-lib": "^3.0.1",
				"yn": "3.1.1"
			},
			"bin": {
				"ts-node": "dist/bin.js",
				"ts-node-cwd": "dist/bin-cwd.js",
				"ts-node-esm": "dist/bin-esm.js",
				"ts-node-script": "dist/bin-script.js",
				"ts-node-transpile-only": "dist/bin-transpile.js",
				"ts-script": "dist/bin-script-deprecated.js"
			},
			"peerDependencies": {
				"@swc/core": ">=1.2.50",
				"@swc/wasm": ">=1.2.50",
				"@types/node": "*",
				"typescript": ">=2.7"
			},
			"peerDependenciesMeta": {
				"@swc/core": {
					"optional": true
				},
				"@swc/wasm": {
					"optional": true
				}
			}
		},
		"node_modules/typescript": {
			"version": "5.9.2",
			"resolved": "https://registry.npmjs.org/typescript/-/typescript-5.9.2.tgz",
			"integrity": "sha512-CWBzXQrc/qOkhidw1OzBTQuYRbfyxDXJMVJ1XNwUHGROVmuaeiEm3OslpZ1RV96d7SKKjZKrSJu3+t/xlw3R9A==",
			"dev": true,
			"license": "Apache-2.0",
			"bin": {
				"tsc": "bin/tsc",
				"tsserver": "bin/tsserver"
			},
			"engines": {
				"node": ">=14.17"
			}
		},
		"node_modules/undici-types": {
			"version": "7.10.0",
			"resolved": "https://registry.npmjs.org/undici-types/-/undici-types-7.10.0.tgz",
			"integrity": "sha512-t5Fy/nfn+14LuOc2KNYg75vZqClpAiqscVvMygNnlsHBFpSXdJaYtXMcdNLpl/Qvc3P2cB3s6lOV51nqsFq4ag==",
			"dev": true,
			"license": "MIT",
			"peer": true
		},
		"node_modules/v8-compile-cache-lib": {
			"version": "3.0.1",
			"resolved": "https://registry.npmjs.org/v8-compile-cache-lib/-/v8-compile-cache-lib-3.0.1.tgz",
			"integrity": "sha512-wa7YjyUGfNZngI/vtK0UHAN+lgDCxBPCylVXGp0zu59Fz5aiGtNXaq3DhIov063MorB+VfufLh3JlF2KdTK3xg==",
			"dev": true,
			"license": "MIT"
		},
		"node_modules/yn": {
			"version": "3.1.1",
			"resolved": "https://registry.npmjs.org/yn/-/yn-3.1.1.tgz",
			"integrity": "sha512-Ux4ygGWsu2c7isFWe8Yu1YluJmqVhxqK2cLXNQA5AcC3QfbGNpM7fu0Y8b/z16pXLnFxZYvWhd3fhBY9DLmC6Q==",
			"dev": true,
			"license": "MIT",
			"engines": {
				"node": ">=6"
			}
		}
	}
}
