{
	"name": "Cline standalone",
	"version": "1.0.0",
	"lockfileVersion": 3,
	"requires": true,
	"packages": {
		"": {
			"name": "Cline standalone",
			"version": "1.0.0",
			"dependencies": {
				"@grpc/grpc-js": "^1.13.3",
				"@grpc/reflection": "^1.0.4",
				"grpc-health-check": "^2.0.2",
				"open": "^10.1.2",
				"vscode-uri": "^3.1.0"
			}
		},
		"node_modules/@grpc/grpc-js": {
			"version": "1.13.3",
			"resolved": "https://registry.npmjs.org/@grpc/grpc-js/-/grpc-js-1.13.3.tgz",
			"integrity": "sha512-FTXHdOoPbZrBjlVLHuKbDZnsTxXv2BlHF57xw6LuThXacXvtkahEPED0CKMk6obZDf65Hv4k3z62eyPNpvinIg==",
			"license": "Apache-2.0",
			"dependencies": {
				"@grpc/proto-loader": "^0.7.13",
				"@js-sdsl/ordered-map": "^4.4.2"
			},
			"engines": {
				"node": ">=12.10.0"
			}
		},
		"node_modules/@grpc/proto-loader": {
			"version": "0.7.15",
			"resolved": "https://registry.npmjs.org/@grpc/proto-loader/-/proto-loader-0.7.15.tgz",
			"integrity": "sha512-tMXdRCfYVixjuFK+Hk0Q1s38gV9zDiDJfWL3h1rv4Qc39oILCu1TRTDt7+fGUI8K4G1Fj125Hx/ru3azECWTyQ==",
			"license": "Apache-2.0",
			"dependencies": {
				"lodash.camelcase": "^4.3.0",
				"long": "^5.0.0",
				"protobufjs": "^7.2.5",
				"yargs": "^17.7.2"
			},
			"bin": {
				"proto-loader-gen-types": "build/bin/proto-loader-gen-types.js"
			},
			"engines": {
				"node": ">=6"
			}
		},
		"node_modules/@grpc/reflection": {
			"version": "1.0.4",
			"resolved": "https://registry.npmjs.org/@grpc/reflection/-/reflection-1.0.4.tgz",
			"integrity": "sha512-znA8v4AviOD3OPOxy11pxrtP8k8DanpefeTymS8iGW1fVr1U2cHuzfhYqDPHnVNDf4qvF9E25KtSihPy2DBWfQ==",
			"license": "Apache-2.0",
			"dependencies": {
				"@grpc/proto-loader": "^0.7.13",
				"protobufjs": "^7.2.5"
			},
			"peerDependencies": {
				"@grpc/grpc-js": "^1.8.21"
			}
		},
		"node_modules/@js-sdsl/ordered-map": {
			"version": "4.4.2",
			"resolved": "https://registry.npmjs.org/@js-sdsl/ordered-map/-/ordered-map-4.4.2.tgz",
			"integrity": "sha512-iUKgm52T8HOE/makSxjqoWhe95ZJA1/G1sYsGev2JDKUSS14KAgg1LHb+Ba+IPow0xflbnSkOsZcO08C7w1gYw==",
			"license": "MIT",
			"funding": {
				"type": "opencollective",
				"url": "https://opencollective.com/js-sdsl"
			}
		},
		"node_modules/@protobufjs/aspromise": {
			"version": "1.1.2",
			"resolved": "https://registry.npmjs.org/@protobufjs/aspromise/-/aspromise-1.1.2.tgz",
			"integrity": "sha512-j+gKExEuLmKwvz3OgROXtrJ2UG2x8Ch2YZUxahh+s1F2HZ+wAceUNLkvy6zKCPVRkU++ZWQrdxsUeQXmcg4uoQ==",
			"license": "BSD-3-Clause"
		},
		"node_modules/@protobufjs/base64": {
			"version": "1.1.2",
			"resolved": "https://registry.npmjs.org/@protobufjs/base64/-/base64-1.1.2.tgz",
			"integrity": "sha512-AZkcAA5vnN/v4PDqKyMR5lx7hZttPDgClv83E//FMNhR2TMcLUhfRUBHCmSl0oi9zMgDDqRUJkSxO3wm85+XLg==",
			"license": "BSD-3-Clause"
		},
		"node_modules/@protobufjs/codegen": {
			"version": "2.0.4",
			"resolved": "https://registry.npmjs.org/@protobufjs/codegen/-/codegen-2.0.4.tgz",
			"integrity": "sha512-YyFaikqM5sH0ziFZCN3xDC7zeGaB/d0IUb9CATugHWbd1FRFwWwt4ld4OYMPWu5a3Xe01mGAULCdqhMlPl29Jg==",
			"license": "BSD-3-Clause"
		},
		"node_modules/@protobufjs/eventemitter": {
			"version": "1.1.0",
			"resolved": "https://registry.npmjs.org/@protobufjs/eventemitter/-/eventemitter-1.1.0.tgz",
			"integrity": "sha512-j9ednRT81vYJ9OfVuXG6ERSTdEL1xVsNgqpkxMsbIabzSo3goCjDIveeGv5d03om39ML71RdmrGNjG5SReBP/Q==",
			"license": "BSD-3-Clause"
		},
		"node_modules/@protobufjs/fetch": {
			"version": "1.1.0",
			"resolved": "https://registry.npmjs.org/@protobufjs/fetch/-/fetch-1.1.0.tgz",
			"integrity": "sha512-lljVXpqXebpsijW71PZaCYeIcE5on1w5DlQy5WH6GLbFryLUrBD4932W/E2BSpfRJWseIL4v/KPgBFxDOIdKpQ==",
			"license": "BSD-3-Clause",
			"dependencies": {
				"@protobufjs/aspromise": "^1.1.1",
				"@protobufjs/inquire": "^1.1.0"
			}
		},
		"node_modules/@protobufjs/float": {
			"version": "1.0.2",
			"resolved": "https://registry.npmjs.org/@protobufjs/float/-/float-1.0.2.tgz",
			"integrity": "sha512-Ddb+kVXlXst9d+R9PfTIxh1EdNkgoRe5tOX6t01f1lYWOvJnSPDBlG241QLzcyPdoNTsblLUdujGSE4RzrTZGQ==",
			"license": "BSD-3-Clause"
		},
		"node_modules/@protobufjs/inquire": {
			"version": "1.1.0",
			"resolved": "https://registry.npmjs.org/@protobufjs/inquire/-/inquire-1.1.0.tgz",
			"integrity": "sha512-kdSefcPdruJiFMVSbn801t4vFK7KB/5gd2fYvrxhuJYg8ILrmn9SKSX2tZdV6V+ksulWqS7aXjBcRXl3wHoD9Q==",
			"license": "BSD-3-Clause"
		},
		"node_modules/@protobufjs/path": {
			"version": "1.1.2",
			"resolved": "https://registry.npmjs.org/@protobufjs/path/-/path-1.1.2.tgz",
			"integrity": "sha512-6JOcJ5Tm08dOHAbdR3GrvP+yUUfkjG5ePsHYczMFLq3ZmMkAD98cDgcT2iA1lJ9NVwFd4tH/iSSoe44YWkltEA==",
			"license": "BSD-3-Clause"
		},
		"node_modules/@protobufjs/pool": {
			"version": "1.1.0",
			"resolved": "https://registry.npmjs.org/@protobufjs/pool/-/pool-1.1.0.tgz",
			"integrity": "sha512-0kELaGSIDBKvcgS4zkjz1PeddatrjYcmMWOlAuAPwAeccUrPHdUqo/J6LiymHHEiJT5NrF1UVwxY14f+fy4WQw==",
			"license": "BSD-3-Clause"
		},
		"node_modules/@protobufjs/utf8": {
			"version": "1.1.0",
			"resolved": "https://registry.npmjs.org/@protobufjs/utf8/-/utf8-1.1.0.tgz",
			"integrity": "sha512-Vvn3zZrhQZkkBE8LSuW3em98c0FwgO4nxzv6OdSxPKJIEKY2bGbHn+mhGIPerzI4twdxaP8/0+06HBpwf345Lw==",
			"license": "BSD-3-Clause"
		},
		"node_modules/@types/node": {
			"version": "22.15.18",
			"resolved": "https://registry.npmjs.org/@types/node/-/node-22.15.18.tgz",
			"integrity": "sha512-v1DKRfUdyW+jJhZNEI1PYy29S2YRxMV5AOO/x/SjKmW0acCIOqmbj6Haf9eHAhsPmrhlHSxEhv/1WszcLWV4cg==",
			"license": "MIT",
			"dependencies": {
				"undici-types": "~6.21.0"
			}
		},
		"node_modules/ansi-regex": {
			"version": "5.0.1",
			"resolved": "https://registry.npmjs.org/ansi-regex/-/ansi-regex-5.0.1.tgz",
			"integrity": "sha512-quJQXlTSUGL2LH9SUXo8VwsY4soanhgo6LNSm84E1LBcE8s3O0wpdiRzyR9z/ZZJMlMWv37qOOb9pdJlMUEKFQ==",
			"license": "MIT",
			"engines": {
				"node": ">=8"
			}
		},
		"node_modules/ansi-styles": {
			"version": "4.3.0",
			"resolved": "https://registry.npmjs.org/ansi-styles/-/ansi-styles-4.3.0.tgz",
			"integrity": "sha512-zbB9rCJAT1rbjiVDb2hqKFHNYLxgtk8NURxZ3IZwD3F6NtxbXZQCnnSi1Lkx+IDohdPlFp222wVALIheZJQSEg==",
			"license": "MIT",
			"dependencies": {
				"color-convert": "^2.0.1"
			},
			"engines": {
				"node": ">=8"
			},
			"funding": {
				"url": "https://github.com/chalk/ansi-styles?sponsor=1"
			}
		},
		"node_modules/bundle-name": {
			"version": "4.1.0",
			"resolved": "https://registry.npmjs.org/bundle-name/-/bundle-name-4.1.0.tgz",
			"integrity": "sha512-tjwM5exMg6BGRI+kNmTntNsvdZS1X8BFYS6tnJ2hdH0kVxM6/eVZ2xy+FqStSWvYmtfFMDLIxurorHwDKfDz5Q==",
			"license": "MIT",
			"dependencies": {
				"run-applescript": "^7.0.0"
			},
			"engines": {
				"node": ">=18"
			},
			"funding": {
				"url": "https://github.com/sponsors/sindresorhus"
			}
		},
		"node_modules/cliui": {
			"version": "8.0.1",
			"resolved": "https://registry.npmjs.org/cliui/-/cliui-8.0.1.tgz",
			"integrity": "sha512-BSeNnyus75C4//NQ9gQt1/csTXyo/8Sb+afLAkzAptFuMsod9HFokGNudZpi/oQV73hnVK+sR+5PVRMd+Dr7YQ==",
			"license": "ISC",
			"dependencies": {
				"string-width": "^4.2.0",
				"strip-ansi": "^6.0.1",
				"wrap-ansi": "^7.0.0"
			},
			"engines": {
				"node": ">=12"
			}
		},
		"node_modules/color-convert": {
			"version": "2.0.1",
			"resolved": "https://registry.npmjs.org/color-convert/-/color-convert-2.0.1.tgz",
			"integrity": "sha512-RRECPsj7iu/xb5oKYcsFHSppFNnsj/52OVTRKb4zP5onXwVF3zVmmToNcOfGC+CRDpfK/U584fMg38ZHCaElKQ==",
			"license": "MIT",
			"dependencies": {
				"color-name": "~1.1.4"
			},
			"engines": {
				"node": ">=7.0.0"
			}
		},
		"node_modules/color-name": {
			"version": "1.1.4",
			"resolved": "https://registry.npmjs.org/color-name/-/color-name-1.1.4.tgz",
			"integrity": "sha512-dOy+3AuW3a2wNbZHIuMZpTcgjGuLU/uBL/ubcZF9OXbDo8ff4O8yVp5Bf0efS8uEoYo5q4Fx7dY9OgQGXgAsQA==",
			"license": "MIT"
		},
		"node_modules/default-browser": {
			"version": "5.2.1",
			"resolved": "https://registry.npmjs.org/default-browser/-/default-browser-5.2.1.tgz",
			"integrity": "sha512-WY/3TUME0x3KPYdRRxEJJvXRHV4PyPoUsxtZa78lwItwRQRHhd2U9xOscaT/YTf8uCXIAjeJOFBVEh/7FtD8Xg==",
			"license": "MIT",
			"dependencies": {
				"bundle-name": "^4.1.0",
				"default-browser-id": "^5.0.0"
			},
			"engines": {
				"node": ">=18"
			},
			"funding": {
				"url": "https://github.com/sponsors/sindresorhus"
			}
		},
		"node_modules/default-browser-id": {
			"version": "5.0.0",
			"resolved": "https://registry.npmjs.org/default-browser-id/-/default-browser-id-5.0.0.tgz",
			"integrity": "sha512-A6p/pu/6fyBcA1TRz/GqWYPViplrftcW2gZC9q79ngNCKAeR/X3gcEdXQHl4KNXV+3wgIJ1CPkJQ3IHM6lcsyA==",
			"license": "MIT",
			"engines": {
				"node": ">=18"
			},
			"funding": {
				"url": "https://github.com/sponsors/sindresorhus"
			}
		},
		"node_modules/define-lazy-prop": {
			"version": "3.0.0",
			"resolved": "https://registry.npmjs.org/define-lazy-prop/-/define-lazy-prop-3.0.0.tgz",
			"integrity": "sha512-N+MeXYoqr3pOgn8xfyRPREN7gHakLYjhsHhWGT3fWAiL4IkAt0iDw14QiiEm2bE30c5XX5q0FtAA3CK5f9/BUg==",
			"license": "MIT",
			"engines": {
				"node": ">=12"
			},
			"funding": {
				"url": "https://github.com/sponsors/sindresorhus"
			}
		},
		"node_modules/emoji-regex": {
			"version": "8.0.0",
			"resolved": "https://registry.npmjs.org/emoji-regex/-/emoji-regex-8.0.0.tgz",
			"integrity": "sha512-MSjYzcWNOA0ewAHpz0MxpYFvwg6yjy1NG3xteoqz644VCo/RPgnr1/GGt+ic3iJTzQ8Eu3TdM14SawnVUmGE6A==",
			"license": "MIT"
		},
		"node_modules/escalade": {
			"version": "3.2.0",
			"resolved": "https://registry.npmjs.org/escalade/-/escalade-3.2.0.tgz",
			"integrity": "sha512-WUj2qlxaQtO4g6Pq5c29GTcWGDyd8itL8zTlipgECz3JesAiiOKotd8JU6otB3PACgG6xkJUyVhboMS+bje/jA==",
			"license": "MIT",
			"engines": {
				"node": ">=6"
			}
		},
		"node_modules/get-caller-file": {
			"version": "2.0.5",
			"resolved": "https://registry.npmjs.org/get-caller-file/-/get-caller-file-2.0.5.tgz",
			"integrity": "sha512-DyFP3BM/3YHTQOCUL/w0OZHR0lpKeGrxotcHWcqNEdnltqFwXVfhEBQ94eIo34AfQpo0rGki4cyIiftY06h2Fg==",
			"license": "ISC",
			"engines": {
				"node": "6.* || 8.* || >= 10.*"
			}
		},
		"node_modules/grpc-health-check": {
			"version": "2.0.2",
			"resolved": "https://registry.npmjs.org/grpc-health-check/-/grpc-health-check-2.0.2.tgz",
			"integrity": "sha512-5XKOdg/gIlTsZZR+8QJjzmW2CHBnn+NfM8zevIpzg+96i9dAuoH+Guu/L/5vuUkSbVZG69wVPnLpEnW+Smon1A==",
			"license": "Apache-2.0",
			"dependencies": {
				"@grpc/proto-loader": "^0.7.13"
			}
		},
		"node_modules/is-docker": {
			"version": "3.0.0",
			"resolved": "https://registry.npmjs.org/is-docker/-/is-docker-3.0.0.tgz",
			"integrity": "sha512-eljcgEDlEns/7AXFosB5K/2nCM4P7FQPkGc/DWLy5rmFEWvZayGrik1d9/QIY5nJ4f9YsVvBkA6kJpHn9rISdQ==",
			"license": "MIT",
			"bin": {
				"is-docker": "cli.js"
			},
			"engines": {
				"node": "^12.20.0 || ^14.13.1 || >=16.0.0"
			},
			"funding": {
				"url": "https://github.com/sponsors/sindresorhus"
			}
		},
		"node_modules/is-fullwidth-code-point": {
			"version": "3.0.0",
			"resolved": "https://registry.npmjs.org/is-fullwidth-code-point/-/is-fullwidth-code-point-3.0.0.tgz",
			"integrity": "sha512-zymm5+u+sCsSWyD9qNaejV3DFvhCKclKdizYaJUuHA83RLjb7nSuGnddCHGv0hk+KY7BMAlsWeK4Ueg6EV6XQg==",
			"license": "MIT",
			"engines": {
				"node": ">=8"
			}
		},
		"node_modules/is-inside-container": {
			"version": "1.0.0",
			"resolved": "https://registry.npmjs.org/is-inside-container/-/is-inside-container-1.0.0.tgz",
			"integrity": "sha512-KIYLCCJghfHZxqjYBE7rEy0OBuTd5xCHS7tHVgvCLkx7StIoaxwNW3hCALgEUjFfeRk+MG/Qxmp/vtETEF3tRA==",
			"license": "MIT",
			"dependencies": {
				"is-docker": "^3.0.0"
			},
			"bin": {
				"is-inside-container": "cli.js"
			},
			"engines": {
				"node": ">=14.16"
			},
			"funding": {
				"url": "https://github.com/sponsors/sindresorhus"
			}
		},
		"node_modules/is-wsl": {
			"version": "3.1.0",
			"resolved": "https://registry.npmjs.org/is-wsl/-/is-wsl-3.1.0.tgz",
			"integrity": "sha512-UcVfVfaK4Sc4m7X3dUSoHoozQGBEFeDC+zVo06t98xe8CzHSZZBekNXH+tu0NalHolcJ/QAGqS46Hef7QXBIMw==",
			"license": "MIT",
			"dependencies": {
				"is-inside-container": "^1.0.0"
			},
			"engines": {
				"node": ">=16"
			},
			"funding": {
				"url": "https://github.com/sponsors/sindresorhus"
			}
		},
		"node_modules/lodash.camelcase": {
			"version": "4.3.0",
			"resolved": "https://registry.npmjs.org/lodash.camelcase/-/lodash.camelcase-4.3.0.tgz",
			"integrity": "sha512-TwuEnCnxbc3rAvhf/LbG7tJUDzhqXyFnv3dtzLOPgCG/hODL7WFnsbwktkD7yUV0RrreP/l1PALq/YSg6VvjlA==",
			"license": "MIT"
		},
		"node_modules/long": {
			"version": "5.3.2",
			"resolved": "https://registry.npmjs.org/long/-/long-5.3.2.tgz",
			"integrity": "sha512-mNAgZ1GmyNhD7AuqnTG3/VQ26o760+ZYBPKjPvugO8+nLbYfX6TVpJPseBvopbdY+qpZ/lKUnmEc1LeZYS3QAA==",
			"license": "Apache-2.0"
		},
		"node_modules/open": {
			"version": "10.1.2",
			"resolved": "https://registry.npmjs.org/open/-/open-10.1.2.tgz",
			"integrity": "sha512-cxN6aIDPz6rm8hbebcP7vrQNhvRcveZoJU72Y7vskh4oIm+BZwBECnx5nTmrlres1Qapvx27Qo1Auukpf8PKXw==",
			"license": "MIT",
			"dependencies": {
				"default-browser": "^5.2.1",
				"define-lazy-prop": "^3.0.0",
				"is-inside-container": "^1.0.0",
				"is-wsl": "^3.1.0"
			},
			"engines": {
				"node": ">=18"
			},
			"funding": {
				"url": "https://github.com/sponsors/sindresorhus"
			}
		},
		"node_modules/protobufjs": {
			"version": "7.5.2",
			"resolved": "https://registry.npmjs.org/protobufjs/-/protobufjs-7.5.2.tgz",
			"integrity": "sha512-f2ls6rpO6G153Cy+o2XQ+Y0sARLOZ17+OGVLHrc3VUKcLHYKEKWbkSujdBWQXM7gKn5NTfp0XnRPZn1MIu8n9w==",
			"hasInstallScript": true,
			"license": "BSD-3-Clause",
			"dependencies": {
				"@protobufjs/aspromise": "^1.1.2",
				"@protobufjs/base64": "^1.1.2",
				"@protobufjs/codegen": "^2.0.4",
				"@protobufjs/eventemitter": "^1.1.0",
				"@protobufjs/fetch": "^1.1.0",
				"@protobufjs/float": "^1.0.2",
				"@protobufjs/inquire": "^1.1.0",
				"@protobufjs/path": "^1.1.2",
				"@protobufjs/pool": "^1.1.0",
				"@protobufjs/utf8": "^1.1.0",
				"@types/node": ">=13.7.0",
				"long": "^5.0.0"
			},
			"engines": {
				"node": ">=12.0.0"
			}
		},
		"node_modules/require-directory": {
			"version": "2.1.1",
			"resolved": "https://registry.npmjs.org/require-directory/-/require-directory-2.1.1.tgz",
			"integrity": "sha512-fGxEI7+wsG9xrvdjsrlmL22OMTTiHRwAMroiEeMgq8gzoLC/PQr7RsRDSTLUg/bZAZtF+TVIkHc6/4RIKrui+Q==",
			"license": "MIT",
			"engines": {
				"node": ">=0.10.0"
			}
		},
		"node_modules/run-applescript": {
			"version": "7.0.0",
			"resolved": "https://registry.npmjs.org/run-applescript/-/run-applescript-7.0.0.tgz",
			"integrity": "sha512-9by4Ij99JUr/MCFBUkDKLWK3G9HVXmabKz9U5MlIAIuvuzkiOicRYs8XJLxX+xahD+mLiiCYDqF9dKAgtzKP1A==",
			"license": "MIT",
			"engines": {
				"node": ">=18"
			},
			"funding": {
				"url": "https://github.com/sponsors/sindresorhus"
			}
		},
		"node_modules/string-width": {
			"version": "4.2.3",
			"resolved": "https://registry.npmjs.org/string-width/-/string-width-4.2.3.tgz",
			"integrity": "sha512-wKyQRQpjJ0sIp62ErSZdGsjMJWsap5oRNihHhu6G7JVO/9jIB6UyevL+tXuOqrng8j/cxKTWyWUwvSTriiZz/g==",
			"license": "MIT",
			"dependencies": {
				"emoji-regex": "^8.0.0",
				"is-fullwidth-code-point": "^3.0.0",
				"strip-ansi": "^6.0.1"
			},
			"engines": {
				"node": ">=8"
			}
		},
		"node_modules/strip-ansi": {
			"version": "6.0.1",
			"resolved": "https://registry.npmjs.org/strip-ansi/-/strip-ansi-6.0.1.tgz",
			"integrity": "sha512-Y38VPSHcqkFrCpFnQ9vuSXmquuv5oXOKpGeT6aGrr3o3Gc9AlVa6JBfUSOCnbxGGZF+/0ooI7KrPuUSztUdU5A==",
			"license": "MIT",
			"dependencies": {
				"ansi-regex": "^5.0.1"
			},
			"engines": {
				"node": ">=8"
			}
		},
		"node_modules/undici-types": {
			"version": "6.21.0",
			"resolved": "https://registry.npmjs.org/undici-types/-/undici-types-6.21.0.tgz",
			"integrity": "sha512-iwDZqg0QAGrg9Rav5H4n0M64c3mkR59cJ6wQp+7C4nI0gsmExaedaYLNO44eT4AtBBwjbTiGPMlt2Md0T9H9JQ==",
			"license": "MIT"
		},
		"node_modules/vscode-uri": {
			"version": "3.1.0",
			"resolved": "https://registry.npmjs.org/vscode-uri/-/vscode-uri-3.1.0.tgz",
			"integrity": "sha512-/BpdSx+yCQGnCvecbyXdxHDkuk55/G3xwnC0GqY4gmQ3j+A+g8kzzgB4Nk/SINjqn6+waqw3EgbVF2QKExkRxQ==",
			"license": "MIT"
		},
		"node_modules/wrap-ansi": {
			"version": "7.0.0",
			"resolved": "https://registry.npmjs.org/wrap-ansi/-/wrap-ansi-7.0.0.tgz",
			"integrity": "sha512-YVGIj2kamLSTxw6NsZjoBxfSwsn0ycdesmc4p+Q21c5zPuZ1pl+NfxVdxPtdHvmNVOQ6XSYG4AUtyt/Fi7D16Q==",
			"license": "MIT",
			"dependencies": {
				"ansi-styles": "^4.0.0",
				"string-width": "^4.1.0",
				"strip-ansi": "^6.0.0"
			},
			"engines": {
				"node": ">=10"
			},
			"funding": {
				"url": "https://github.com/chalk/wrap-ansi?sponsor=1"
			}
		},
		"node_modules/y18n": {
			"version": "5.0.8",
			"resolved": "https://registry.npmjs.org/y18n/-/y18n-5.0.8.tgz",
			"integrity": "sha512-0pfFzegeDWJHJIAmTLRP2DwHjdF5s7jo9tuztdQxAhINCdvS+3nGINqPd00AphqJR/0LhANUS6/+7SCb98YOfA==",
			"license": "ISC",
			"engines": {
				"node": ">=10"
			}
		},
		"node_modules/yargs": {
			"version": "17.7.2",
			"resolved": "https://registry.npmjs.org/yargs/-/yargs-17.7.2.tgz",
			"integrity": "sha512-7dSzzRQ++CKnNI/krKnYRV7JKKPUXMEh61soaHKg9mrWEhzFWhFnxPxGl+69cD1Ou63C13NUPCnmIcrvqCuM6w==",
			"license": "MIT",
			"dependencies": {
				"cliui": "^8.0.1",
				"escalade": "^3.1.1",
				"get-caller-file": "^2.0.5",
				"require-directory": "^2.1.1",
				"string-width": "^4.2.3",
				"y18n": "^5.0.5",
				"yargs-parser": "^21.1.1"
			},
			"engines": {
				"node": ">=12"
			}
		},
		"node_modules/yargs-parser": {
			"version": "21.1.1",
			"resolved": "https://registry.npmjs.org/yargs-parser/-/yargs-parser-21.1.1.tgz",
			"integrity": "sha512-tVpsJW7DdjecAiFpbIB1e3qxIQsE6NoPc5/eTdrbbIC4h0LVsWhnoa3g+m2HclBIujHzsxZ4VJVA+GUuc2/LBw==",
			"license": "ISC",
			"engines": {
				"node": ">=12"
			}
		},
		"vscode": {
			"version": "1.0.0",
			"extraneous": true
		}
	}
}
