{
	"name": "cline-core",
	"version": "0.0.1",
	"lockfileVersion": 3,
	"requires": true,
	"packages": {
		"": {
			"name": "cline-core",
			"version": "0.0.1",
			"dependencies": {
				"@grpc/grpc-js": "^1.13.3",
				"@grpc/reflection": "^1.0.4",
				"better-sqlite3": "^12.4.1",
				"grpc-health-check": "^2.0.2",
				"open": "^10.1.2",
				"vscode-uri": "^3.1.0"
			}
		},
		"node_modules/@grpc/grpc-js": {
			"version": "1.13.3",
			"resolved": "https://registry.npmjs.org/@grpc/grpc-js/-/grpc-js-1.13.3.tgz",
			"integrity": "sha512-FTXHdOoPbZrBjlVLHuKbDZnsTxXv2BlHF57xw6LuThXacXvtkahEPED0CKMk6obZDf65Hv4k3z62eyPNpvinIg==",
			"license": "Apache-2.0",
			"dependencies": {
				"@grpc/proto-loader": "^0.7.13",
				"@js-sdsl/ordered-map": "^4.4.2"
			},
			"engines": {
				"node": ">=12.10.0"
			}
		},
		"node_modules/@grpc/proto-loader": {
			"version": "0.7.15",
			"resolved": "https://registry.npmjs.org/@grpc/proto-loader/-/proto-loader-0.7.15.tgz",
			"integrity": "sha512-tMXdRCfYVixjuFK+Hk0Q1s38gV9zDiDJfWL3h1rv4Qc39oILCu1TRTDt7+fGUI8K4G1Fj125Hx/ru3azECWTyQ==",
			"license": "Apache-2.0",
			"dependencies": {
				"lodash.camelcase": "^4.3.0",
				"long": "^5.0.0",
				"protobufjs": "^7.2.5",
				"yargs": "^17.7.2"
			},
			"bin": {
				"proto-loader-gen-types": "build/bin/proto-loader-gen-types.js"
			},
			"engines": {
				"node": ">=6"
			}
		},
		"node_modules/@grpc/reflection": {
			"version": "1.0.4",
			"resolved": "https://registry.npmjs.org/@grpc/reflection/-/reflection-1.0.4.tgz",
			"integrity": "sha512-znA8v4AviOD3OPOxy11pxrtP8k8DanpefeTymS8iGW1fVr1U2cHuzfhYqDPHnVNDf4qvF9E25KtSihPy2DBWfQ==",
			"license": "Apache-2.0",
			"dependencies": {
				"@grpc/proto-loader": "^0.7.13",
				"protobufjs": "^7.2.5"
			},
			"peerDependencies": {
				"@grpc/grpc-js": "^1.8.21"
			}
		},
		"node_modules/@js-sdsl/ordered-map": {
			"version": "4.4.2",
			"resolved": "https://registry.npmjs.org/@js-sdsl/ordered-map/-/ordered-map-4.4.2.tgz",
			"integrity": "sha512-iUKgm52T8HOE/makSxjqoWhe95ZJA1/G1sYsGev2JDKUSS14KAgg1LHb+Ba+IPow0xflbnSkOsZcO08C7w1gYw==",
			"license": "MIT",
			"funding": {
				"type": "opencollective",
				"url": "https://opencollective.com/js-sdsl"
			}
		},
		"node_modules/@protobufjs/aspromise": {
			"version": "1.1.2",
			"resolved": "https://registry.npmjs.org/@protobufjs/aspromise/-/aspromise-1.1.2.tgz",
			"integrity": "sha512-j+gKExEuLmKwvz3OgROXtrJ2UG2x8Ch2YZUxahh+s1F2HZ+wAceUNLkvy6zKCPVRkU++ZWQrdxsUeQXmcg4uoQ==",
			"license": "BSD-3-Clause"
		},
		"node_modules/@protobufjs/base64": {
			"version": "1.1.2",
			"resolved": "https://registry.npmjs.org/@protobufjs/base64/-/base64-1.1.2.tgz",
			"integrity": "sha512-AZkcAA5vnN/v4PDqKyMR5lx7hZttPDgClv83E//FMNhR2TMcLUhfRUBHCmSl0oi9zMgDDqRUJkSxO3wm85+XLg==",
			"license": "BSD-3-Clause"
		},
		"node_modules/@protobufjs/codegen": {
			"version": "2.0.4",
			"resolved": "https://registry.npmjs.org/@protobufjs/codegen/-/codegen-2.0.4.tgz",
			"integrity": "sha512-YyFaikqM5sH0ziFZCN3xDC7zeGaB/d0IUb9CATugHWbd1FRFwWwt4ld4OYMPWu5a3Xe01mGAULCdqhMlPl29Jg==",
			"license": "BSD-3-Clause"
		},
		"node_modules/@protobufjs/eventemitter": {
			"version": "1.1.0",
			"resolved": "https://registry.npmjs.org/@protobufjs/eventemitter/-/eventemitter-1.1.0.tgz",
			"integrity": "sha512-j9ednRT81vYJ9OfVuXG6ERSTdEL1xVsNgqpkxMsbIabzSo3goCjDIveeGv5d03om39ML71RdmrGNjG5SReBP/Q==",
			"license": "BSD-3-Clause"
		},
		"node_modules/@protobufjs/fetch": {
			"version": "1.1.0",
			"resolved": "https://registry.npmjs.org/@protobufjs/fetch/-/fetch-1.1.0.tgz",
			"integrity": "sha512-lljVXpqXebpsijW71PZaCYeIcE5on1w5DlQy5WH6GLbFryLUrBD4932W/E2BSpfRJWseIL4v/KPgBFxDOIdKpQ==",
			"license": "BSD-3-Clause",
			"dependencies": {
				"@protobufjs/aspromise": "^1.1.1",
				"@protobufjs/inquire": "^1.1.0"
			}
		},
		"node_modules/@protobufjs/float": {
			"version": "1.0.2",
			"resolved": "https://registry.npmjs.org/@protobufjs/float/-/float-1.0.2.tgz",
			"integrity": "sha512-Ddb+kVXlXst9d+R9PfTIxh1EdNkgoRe5tOX6t01f1lYWOvJnSPDBlG241QLzcyPdoNTsblLUdujGSE4RzrTZGQ==",
			"license": "BSD-3-Clause"
		},
		"node_modules/@protobufjs/inquire": {
			"version": "1.1.0",
			"resolved": "https://registry.npmjs.org/@protobufjs/inquire/-/inquire-1.1.0.tgz",
			"integrity": "sha512-kdSefcPdruJiFMVSbn801t4vFK7KB/5gd2fYvrxhuJYg8ILrmn9SKSX2tZdV6V+ksulWqS7aXjBcRXl3wHoD9Q==",
			"license": "BSD-3-Clause"
		},
		"node_modules/@protobufjs/path": {
			"version": "1.1.2",
			"resolved": "https://registry.npmjs.org/@protobufjs/path/-/path-1.1.2.tgz",
			"integrity": "sha512-6JOcJ5Tm08dOHAbdR3GrvP+yUUfkjG5ePsHYczMFLq3ZmMkAD98cDgcT2iA1lJ9NVwFd4tH/iSSoe44YWkltEA==",
			"license": "BSD-3-Clause"
		},
		"node_modules/@protobufjs/pool": {
			"version": "1.1.0",
			"resolved": "https://registry.npmjs.org/@protobufjs/pool/-/pool-1.1.0.tgz",
			"integrity": "sha512-0kELaGSIDBKvcgS4zkjz1PeddatrjYcmMWOlAuAPwAeccUrPHdUqo/J6LiymHHEiJT5NrF1UVwxY14f+fy4WQw==",
			"license": "BSD-3-Clause"
		},
		"node_modules/@protobufjs/utf8": {
			"version": "1.1.0",
			"resolved": "https://registry.npmjs.org/@protobufjs/utf8/-/utf8-1.1.0.tgz",
			"integrity": "sha512-Vvn3zZrhQZkkBE8LSuW3em98c0FwgO4nxzv6OdSxPKJIEKY2bGbHn+mhGIPerzI4twdxaP8/0+06HBpwf345Lw==",
			"license": "BSD-3-Clause"
		},
		"node_modules/@types/node": {
			"version": "22.15.18",
			"resolved": "https://registry.npmjs.org/@types/node/-/node-22.15.18.tgz",
			"integrity": "sha512-v1DKRfUdyW+jJhZNEI1PYy29S2YRxMV5AOO/x/SjKmW0acCIOqmbj6Haf9eHAhsPmrhlHSxEhv/1WszcLWV4cg==",
			"license": "MIT",
			"dependencies": {
				"undici-types": "~6.21.0"
			}
		},
		"node_modules/ansi-regex": {
			"version": "5.0.1",
			"resolved": "https://registry.npmjs.org/ansi-regex/-/ansi-regex-5.0.1.tgz",
			"integrity": "sha512-quJQXlTSUGL2LH9SUXo8VwsY4soanhgo6LNSm84E1LBcE8s3O0wpdiRzyR9z/ZZJMlMWv37qOOb9pdJlMUEKFQ==",
			"license": "MIT",
			"engines": {
				"node": ">=8"
			}
		},
		"node_modules/ansi-styles": {
			"version": "4.3.0",
			"resolved": "https://registry.npmjs.org/ansi-styles/-/ansi-styles-4.3.0.tgz",
			"integrity": "sha512-zbB9rCJAT1rbjiVDb2hqKFHNYLxgtk8NURxZ3IZwD3F6NtxbXZQCnnSi1Lkx+IDohdPlFp222wVALIheZJQSEg==",
			"license": "MIT",
			"dependencies": {
				"color-convert": "^2.0.1"
			},
			"engines": {
				"node": ">=8"
			},
			"funding": {
				"url": "https://github.com/chalk/ansi-styles?sponsor=1"
			}
		},
		"node_modules/b4a": {
			"version": "1.7.3",
			"resolved": "https://registry.npmjs.org/b4a/-/b4a-1.7.3.tgz",
			"integrity": "sha512-5Q2mfq2WfGuFp3uS//0s6baOJLMoVduPYVeNmDYxu5OUA1/cBfvr2RIS7vi62LdNj/urk1hfmj867I3qt6uZ7Q==",
			"license": "Apache-2.0",
			"peerDependencies": {
				"react-native-b4a": "*"
			},
			"peerDependenciesMeta": {
				"react-native-b4a": {
					"optional": true
				}
			}
		},
		"node_modules/bare-events": {
			"version": "2.8.0",
			"resolved": "https://registry.npmjs.org/bare-events/-/bare-events-2.8.0.tgz",
			"integrity": "sha512-AOhh6Bg5QmFIXdViHbMc2tLDsBIRxdkIaIddPslJF9Z5De3APBScuqGP2uThXnIpqFrgoxMNC6km7uXNIMLHXA==",
			"license": "Apache-2.0",
			"peerDependencies": {
				"bare-abort-controller": "*"
			},
			"peerDependenciesMeta": {
				"bare-abort-controller": {
					"optional": true
				}
			}
		},
		"node_modules/bare-fs": {
			"version": "4.4.11",
			"resolved": "https://registry.npmjs.org/bare-fs/-/bare-fs-4.4.11.tgz",
			"integrity": "sha512-Bejmm9zRMvMTRoHS+2adgmXw1ANZnCNx+B5dgZpGwlP1E3x6Yuxea8RToddHUbWtVV0iUMWqsgZr8+jcgUI2SA==",
			"license": "Apache-2.0",
			"optional": true,
			"dependencies": {
				"bare-events": "^2.5.4",
				"bare-path": "^3.0.0",
				"bare-stream": "^2.6.4",
				"bare-url": "^2.2.2",
				"fast-fifo": "^1.3.2"
			},
			"engines": {
				"bare": ">=1.16.0"
			},
			"peerDependencies": {
				"bare-buffer": "*"
			},
			"peerDependenciesMeta": {
				"bare-buffer": {
					"optional": true
				}
			}
		},
		"node_modules/bare-os": {
			"version": "3.6.2",
			"resolved": "https://registry.npmjs.org/bare-os/-/bare-os-3.6.2.tgz",
			"integrity": "sha512-T+V1+1srU2qYNBmJCXZkUY5vQ0B4FSlL3QDROnKQYOqeiQR8UbjNHlPa+TIbM4cuidiN9GaTaOZgSEgsvPbh5A==",
			"license": "Apache-2.0",
			"optional": true,
			"engines": {
				"bare": ">=1.14.0"
			}
		},
		"node_modules/bare-path": {
			"version": "3.0.0",
			"resolved": "https://registry.npmjs.org/bare-path/-/bare-path-3.0.0.tgz",
			"integrity": "sha512-tyfW2cQcB5NN8Saijrhqn0Zh7AnFNsnczRcuWODH0eYAXBsJ5gVxAUuNr7tsHSC6IZ77cA0SitzT+s47kot8Mw==",
			"license": "Apache-2.0",
			"optional": true,
			"dependencies": {
				"bare-os": "^3.0.1"
			}
		},
		"node_modules/bare-stream": {
			"version": "2.7.0",
			"resolved": "https://registry.npmjs.org/bare-stream/-/bare-stream-2.7.0.tgz",
			"integrity": "sha512-oyXQNicV1y8nc2aKffH+BUHFRXmx6VrPzlnaEvMhram0nPBrKcEdcyBg5r08D0i8VxngHFAiVyn1QKXpSG0B8A==",
			"license": "Apache-2.0",
			"optional": true,
			"dependencies": {
				"streamx": "^2.21.0"
			},
			"peerDependencies": {
				"bare-buffer": "*",
				"bare-events": "*"
			},
			"peerDependenciesMeta": {
				"bare-buffer": {
					"optional": true
				},
				"bare-events": {
					"optional": true
				}
			}
		},
		"node_modules/bare-url": {
			"version": "2.3.1",
			"resolved": "https://registry.npmjs.org/bare-url/-/bare-url-2.3.1.tgz",
			"integrity": "sha512-v2yl0TnaZTdEnelkKtXZGnotiV6qATBlnNuUMrHl6v9Lmmrh9mw9RYyImPU7/4RahumSwQS1k2oKXcRfXcbjJw==",
			"license": "Apache-2.0",
			"optional": true,
			"dependencies": {
				"bare-path": "^3.0.0"
			}
		},
		"node_modules/better-sqlite3": {
			"version": "12.4.1",
			"resolved": "https://registry.npmjs.org/better-sqlite3/-/better-sqlite3-12.4.1.tgz",
			"integrity": "sha512-3yVdyZhklTiNrtg+4WqHpJpFDd+WHTg2oM7UcR80GqL05AOV0xEJzc6qNvFYoEtE+hRp1n9MpN6/+4yhlGkDXQ==",
			"hasInstallScript": true,
			"license": "MIT",
			"dependencies": {
				"bindings": "^1.5.0",
				"prebuild-install": "^7.1.1"
			},
			"engines": {
				"node": "20.x || 22.x || 23.x || 24.x"
			}
		},
		"node_modules/bindings": {
			"version": "1.5.0",
			"resolved": "https://registry.npmjs.org/bindings/-/bindings-1.5.0.tgz",
			"integrity": "sha512-p2q/t/mhvuOj/UeLlV6566GD/guowlr0hHxClI0W9m7MWYkL1F0hLo+0Aexs9HSPCtR1SXQ0TD3MMKrXZajbiQ==",
			"license": "MIT",
			"dependencies": {
				"file-uri-to-path": "1.0.0"
			}
		},
		"node_modules/bundle-name": {
			"version": "4.1.0",
			"resolved": "https://registry.npmjs.org/bundle-name/-/bundle-name-4.1.0.tgz",
			"integrity": "sha512-tjwM5exMg6BGRI+kNmTntNsvdZS1X8BFYS6tnJ2hdH0kVxM6/eVZ2xy+FqStSWvYmtfFMDLIxurorHwDKfDz5Q==",
			"license": "MIT",
			"dependencies": {
				"run-applescript": "^7.0.0"
			},
			"engines": {
				"node": ">=18"
			},
			"funding": {
				"url": "https://github.com/sponsors/sindresorhus"
			}
		},
		"node_modules/cliui": {
			"version": "8.0.1",
			"resolved": "https://registry.npmjs.org/cliui/-/cliui-8.0.1.tgz",
			"integrity": "sha512-BSeNnyus75C4//NQ9gQt1/csTXyo/8Sb+afLAkzAptFuMsod9HFokGNudZpi/oQV73hnVK+sR+5PVRMd+Dr7YQ==",
			"license": "ISC",
			"dependencies": {
				"string-width": "^4.2.0",
				"strip-ansi": "^6.0.1",
				"wrap-ansi": "^7.0.0"
			},
			"engines": {
				"node": ">=12"
			}
		},
		"node_modules/color-convert": {
			"version": "2.0.1",
			"resolved": "https://registry.npmjs.org/color-convert/-/color-convert-2.0.1.tgz",
			"integrity": "sha512-RRECPsj7iu/xb5oKYcsFHSppFNnsj/52OVTRKb4zP5onXwVF3zVmmToNcOfGC+CRDpfK/U584fMg38ZHCaElKQ==",
			"license": "MIT",
			"dependencies": {
				"color-name": "~1.1.4"
			},
			"engines": {
				"node": ">=7.0.0"
			}
		},
		"node_modules/color-name": {
			"version": "1.1.4",
			"resolved": "https://registry.npmjs.org/color-name/-/color-name-1.1.4.tgz",
			"integrity": "sha512-dOy+3AuW3a2wNbZHIuMZpTcgjGuLU/uBL/ubcZF9OXbDo8ff4O8yVp5Bf0efS8uEoYo5q4Fx7dY9OgQGXgAsQA==",
			"license": "MIT"
		},
		"node_modules/decompress-response": {
			"version": "6.0.0",
			"resolved": "https://registry.npmjs.org/decompress-response/-/decompress-response-6.0.0.tgz",
			"integrity": "sha512-aW35yZM6Bb/4oJlZncMH2LCoZtJXTRxES17vE3hoRiowU2kWHaJKFkSBDnDR+cm9J+9QhXmREyIfv0pji9ejCQ==",
			"license": "MIT",
			"dependencies": {
				"mimic-response": "^3.1.0"
			},
			"engines": {
				"node": ">=10"
			},
			"funding": {
				"url": "https://github.com/sponsors/sindresorhus"
			}
		},
		"node_modules/deep-extend": {
			"version": "0.6.0",
			"resolved": "https://registry.npmjs.org/deep-extend/-/deep-extend-0.6.0.tgz",
			"integrity": "sha512-LOHxIOaPYdHlJRtCQfDIVZtfw/ufM8+rVj649RIHzcm/vGwQRXFt6OPqIFWsm2XEMrNIEtWR64sY1LEKD2vAOA==",
			"license": "MIT",
			"engines": {
				"node": ">=4.0.0"
			}
		},
		"node_modules/default-browser": {
			"version": "5.2.1",
			"resolved": "https://registry.npmjs.org/default-browser/-/default-browser-5.2.1.tgz",
			"integrity": "sha512-WY/3TUME0x3KPYdRRxEJJvXRHV4PyPoUsxtZa78lwItwRQRHhd2U9xOscaT/YTf8uCXIAjeJOFBVEh/7FtD8Xg==",
			"license": "MIT",
			"dependencies": {
				"bundle-name": "^4.1.0",
				"default-browser-id": "^5.0.0"
			},
			"engines": {
				"node": ">=18"
			},
			"funding": {
				"url": "https://github.com/sponsors/sindresorhus"
			}
		},
		"node_modules/default-browser-id": {
			"version": "5.0.0",
			"resolved": "https://registry.npmjs.org/default-browser-id/-/default-browser-id-5.0.0.tgz",
			"integrity": "sha512-A6p/pu/6fyBcA1TRz/GqWYPViplrftcW2gZC9q79ngNCKAeR/X3gcEdXQHl4KNXV+3wgIJ1CPkJQ3IHM6lcsyA==",
			"license": "MIT",
			"engines": {
				"node": ">=18"
			},
			"funding": {
				"url": "https://github.com/sponsors/sindresorhus"
			}
		},
		"node_modules/define-lazy-prop": {
			"version": "3.0.0",
			"resolved": "https://registry.npmjs.org/define-lazy-prop/-/define-lazy-prop-3.0.0.tgz",
			"integrity": "sha512-N+MeXYoqr3pOgn8xfyRPREN7gHakLYjhsHhWGT3fWAiL4IkAt0iDw14QiiEm2bE30c5XX5q0FtAA3CK5f9/BUg==",
			"license": "MIT",
			"engines": {
				"node": ">=12"
			},
			"funding": {
				"url": "https://github.com/sponsors/sindresorhus"
			}
		},
		"node_modules/detect-libc": {
			"version": "2.0.4",
			"resolved": "https://registry.npmjs.org/detect-libc/-/detect-libc-2.0.4.tgz",
			"integrity": "sha512-3UDv+G9CsCKO1WKMGw9fwq/SWJYbI0c5Y7LU1AXYoDdbhE2AHQ6N6Nb34sG8Fj7T5APy8qXDCKuuIHd1BR0tVA==",
			"license": "Apache-2.0",
			"engines": {
				"node": ">=8"
			}
		},
		"node_modules/emoji-regex": {
			"version": "8.0.0",
			"resolved": "https://registry.npmjs.org/emoji-regex/-/emoji-regex-8.0.0.tgz",
			"integrity": "sha512-MSjYzcWNOA0ewAHpz0MxpYFvwg6yjy1NG3xteoqz644VCo/RPgnr1/GGt+ic3iJTzQ8Eu3TdM14SawnVUmGE6A==",
			"license": "MIT"
		},
		"node_modules/end-of-stream": {
			"version": "1.4.5",
			"resolved": "https://registry.npmjs.org/end-of-stream/-/end-of-stream-1.4.5.tgz",
			"integrity": "sha512-ooEGc6HP26xXq/N+GCGOT0JKCLDGrq2bQUZrQ7gyrJiZANJ/8YDTxTpQBXGMn+WbIQXNVpyWymm7KYVICQnyOg==",
			"license": "MIT",
			"dependencies": {
				"once": "^1.4.0"
			}
		},
		"node_modules/escalade": {
			"version": "3.2.0",
			"resolved": "https://registry.npmjs.org/escalade/-/escalade-3.2.0.tgz",
			"integrity": "sha512-WUj2qlxaQtO4g6Pq5c29GTcWGDyd8itL8zTlipgECz3JesAiiOKotd8JU6otB3PACgG6xkJUyVhboMS+bje/jA==",
			"license": "MIT",
			"engines": {
				"node": ">=6"
			}
		},
		"node_modules/events-universal": {
			"version": "1.0.1",
			"resolved": "https://registry.npmjs.org/events-universal/-/events-universal-1.0.1.tgz",
			"integrity": "sha512-LUd5euvbMLpwOF8m6ivPCbhQeSiYVNb8Vs0fQ8QjXo0JTkEHpz8pxdQf0gStltaPpw0Cca8b39KxvK9cfKRiAw==",
			"license": "Apache-2.0",
			"dependencies": {
				"bare-events": "^2.7.0"
			}
		},
		"node_modules/expand-template": {
			"version": "2.0.3",
			"resolved": "https://registry.npmjs.org/expand-template/-/expand-template-2.0.3.tgz",
			"integrity": "sha512-XYfuKMvj4O35f/pOXLObndIRvyQ+/+6AhODh+OKWj9S9498pHHn/IMszH+gt0fBCRWMNfk1ZSp5x3AifmnI2vg==",
			"license": "(MIT OR WTFPL)",
			"engines": {
				"node": ">=6"
			}
		},
		"node_modules/fast-fifo": {
			"version": "1.3.2",
			"resolved": "https://registry.npmjs.org/fast-fifo/-/fast-fifo-1.3.2.tgz",
			"integrity": "sha512-/d9sfos4yxzpwkDkuN7k2SqFKtYNmCTzgfEpz82x34IM9/zc8KGxQoXg1liNC/izpRM/MBdt44Nmx41ZWqk+FQ==",
			"license": "MIT"
		},
		"node_modules/file-uri-to-path": {
			"version": "1.0.0",
			"resolved": "https://registry.npmjs.org/file-uri-to-path/-/file-uri-to-path-1.0.0.tgz",
			"integrity": "sha512-0Zt+s3L7Vf1biwWZ29aARiVYLx7iMGnEUl9x33fbB/j3jR81u/O2LbqK+Bm1CDSNDKVtJ/YjwY7TUd5SkeLQLw==",
			"license": "MIT"
		},
		"node_modules/get-caller-file": {
			"version": "2.0.5",
			"resolved": "https://registry.npmjs.org/get-caller-file/-/get-caller-file-2.0.5.tgz",
			"integrity": "sha512-DyFP3BM/3YHTQOCUL/w0OZHR0lpKeGrxotcHWcqNEdnltqFwXVfhEBQ94eIo34AfQpo0rGki4cyIiftY06h2Fg==",
			"license": "ISC",
			"engines": {
				"node": "6.* || 8.* || >= 10.*"
			}
		},
		"node_modules/github-from-package": {
			"version": "0.0.0",
			"resolved": "https://registry.npmjs.org/github-from-package/-/github-from-package-0.0.0.tgz",
			"integrity": "sha512-SyHy3T1v2NUXn29OsWdxmK6RwHD+vkj3v8en8AOBZ1wBQ/hCAQ5bAQTD02kW4W9tUp/3Qh6J8r9EvntiyCmOOw==",
			"license": "MIT"
		},
		"node_modules/grpc-health-check": {
			"version": "2.0.2",
			"resolved": "https://registry.npmjs.org/grpc-health-check/-/grpc-health-check-2.0.2.tgz",
			"integrity": "sha512-5XKOdg/gIlTsZZR+8QJjzmW2CHBnn+NfM8zevIpzg+96i9dAuoH+Guu/L/5vuUkSbVZG69wVPnLpEnW+Smon1A==",
			"license": "Apache-2.0",
			"dependencies": {
				"@grpc/proto-loader": "^0.7.13"
			}
		},
		"node_modules/ini": {
			"version": "1.3.8",
			"resolved": "https://registry.npmjs.org/ini/-/ini-1.3.8.tgz",
			"integrity": "sha512-JV/yugV2uzW5iMRSiZAyDtQd+nxtUnjeLt0acNdw98kKLrvuRVyB80tsREOE7yvGVgalhZ6RNXCmEHkUKBKxew==",
			"license": "ISC"
		},
		"node_modules/is-docker": {
			"version": "3.0.0",
			"resolved": "https://registry.npmjs.org/is-docker/-/is-docker-3.0.0.tgz",
			"integrity": "sha512-eljcgEDlEns/7AXFosB5K/2nCM4P7FQPkGc/DWLy5rmFEWvZayGrik1d9/QIY5nJ4f9YsVvBkA6kJpHn9rISdQ==",
			"license": "MIT",
			"bin": {
				"is-docker": "cli.js"
			},
			"engines": {
				"node": "^12.20.0 || ^14.13.1 || >=16.0.0"
			},
			"funding": {
				"url": "https://github.com/sponsors/sindresorhus"
			}
		},
		"node_modules/is-fullwidth-code-point": {
			"version": "3.0.0",
			"resolved": "https://registry.npmjs.org/is-fullwidth-code-point/-/is-fullwidth-code-point-3.0.0.tgz",
			"integrity": "sha512-zymm5+u+sCsSWyD9qNaejV3DFvhCKclKdizYaJUuHA83RLjb7nSuGnddCHGv0hk+KY7BMAlsWeK4Ueg6EV6XQg==",
			"license": "MIT",
			"engines": {
				"node": ">=8"
			}
		},
		"node_modules/is-inside-container": {
			"version": "1.0.0",
			"resolved": "https://registry.npmjs.org/is-inside-container/-/is-inside-container-1.0.0.tgz",
			"integrity": "sha512-KIYLCCJghfHZxqjYBE7rEy0OBuTd5xCHS7tHVgvCLkx7StIoaxwNW3hCALgEUjFfeRk+MG/Qxmp/vtETEF3tRA==",
			"license": "MIT",
			"dependencies": {
				"is-docker": "^3.0.0"
			},
			"bin": {
				"is-inside-container": "cli.js"
			},
			"engines": {
				"node": ">=14.16"
			},
			"funding": {
				"url": "https://github.com/sponsors/sindresorhus"
			}
		},
		"node_modules/is-wsl": {
			"version": "3.1.0",
			"resolved": "https://registry.npmjs.org/is-wsl/-/is-wsl-3.1.0.tgz",
			"integrity": "sha512-UcVfVfaK4Sc4m7X3dUSoHoozQGBEFeDC+zVo06t98xe8CzHSZZBekNXH+tu0NalHolcJ/QAGqS46Hef7QXBIMw==",
			"license": "MIT",
			"dependencies": {
				"is-inside-container": "^1.0.0"
			},
			"engines": {
				"node": ">=16"
			},
			"funding": {
				"url": "https://github.com/sponsors/sindresorhus"
			}
		},
		"node_modules/lodash.camelcase": {
			"version": "4.3.0",
			"resolved": "https://registry.npmjs.org/lodash.camelcase/-/lodash.camelcase-4.3.0.tgz",
			"integrity": "sha512-TwuEnCnxbc3rAvhf/LbG7tJUDzhqXyFnv3dtzLOPgCG/hODL7WFnsbwktkD7yUV0RrreP/l1PALq/YSg6VvjlA==",
			"license": "MIT"
		},
		"node_modules/long": {
			"version": "5.3.2",
			"resolved": "https://registry.npmjs.org/long/-/long-5.3.2.tgz",
			"integrity": "sha512-mNAgZ1GmyNhD7AuqnTG3/VQ26o760+ZYBPKjPvugO8+nLbYfX6TVpJPseBvopbdY+qpZ/lKUnmEc1LeZYS3QAA==",
			"license": "Apache-2.0"
		},
		"node_modules/mimic-response": {
			"version": "3.1.0",
			"resolved": "https://registry.npmjs.org/mimic-response/-/mimic-response-3.1.0.tgz",
			"integrity": "sha512-z0yWI+4FDrrweS8Zmt4Ej5HdJmky15+L2e6Wgn3+iK5fWzb6T3fhNFq2+MeTRb064c6Wr4N/wv0DzQTjNzHNGQ==",
			"license": "MIT",
			"engines": {
				"node": ">=10"
			},
			"funding": {
				"url": "https://github.com/sponsors/sindresorhus"
			}
		},
		"node_modules/minimist": {
			"version": "1.2.8",
			"resolved": "https://registry.npmjs.org/minimist/-/minimist-1.2.8.tgz",
			"integrity": "sha512-2yyAR8qBkN3YuheJanUpWC5U3bb5osDywNB8RzDVlDwDHbocAJveqqj1u8+SVD7jkWT4yvsHCpWqqWqAxb0zCA==",
			"license": "MIT",
			"funding": {
				"url": "https://github.com/sponsors/ljharb"
			}
		},
		"node_modules/mkdirp-classic": {
			"version": "0.5.3",
			"resolved": "https://registry.npmjs.org/mkdirp-classic/-/mkdirp-classic-0.5.3.tgz",
			"integrity": "sha512-gKLcREMhtuZRwRAfqP3RFW+TK4JqApVBtOIftVgjuABpAtpxhPGaDcfvbhNvD0B8iD1oUr/txX35NjcaY6Ns/A==",
			"license": "MIT"
		},
		"node_modules/napi-build-utils": {
			"version": "2.0.0",
			"resolved": "https://registry.npmjs.org/napi-build-utils/-/napi-build-utils-2.0.0.tgz",
			"integrity": "sha512-GEbrYkbfF7MoNaoh2iGG84Mnf/WZfB0GdGEsM8wz7Expx/LlWf5U8t9nvJKXSp3qr5IsEbK04cBGhol/KwOsWA==",
			"license": "MIT"
		},
		"node_modules/node-abi": {
			"version": "3.77.0",
			"resolved": "https://registry.npmjs.org/node-abi/-/node-abi-3.77.0.tgz",
			"integrity": "sha512-DSmt0OEcLoK4i3NuscSbGjOf3bqiDEutejqENSplMSFA/gmB8mkED9G4pKWnPl7MDU4rSHebKPHeitpDfyH0cQ==",
			"license": "MIT",
			"dependencies": {
				"semver": "^7.3.5"
			},
			"engines": {
				"node": ">=10"
			}
		},
		"node_modules/once": {
			"version": "1.4.0",
			"resolved": "https://registry.npmjs.org/once/-/once-1.4.0.tgz",
			"integrity": "sha512-lNaJgI+2Q5URQBkccEKHTQOPaXdUxnZZElQTZY0MFUAuaEqe1E+Nyvgdz/aIyNi6Z9MzO5dv1H8n58/GELp3+w==",
			"license": "ISC",
			"dependencies": {
				"wrappy": "1"
			}
		},
		"node_modules/open": {
			"version": "10.1.2",
			"resolved": "https://registry.npmjs.org/open/-/open-10.1.2.tgz",
			"integrity": "sha512-cxN6aIDPz6rm8hbebcP7vrQNhvRcveZoJU72Y7vskh4oIm+BZwBECnx5nTmrlres1Qapvx27Qo1Auukpf8PKXw==",
			"license": "MIT",
			"dependencies": {
				"default-browser": "^5.2.1",
				"define-lazy-prop": "^3.0.0",
				"is-inside-container": "^1.0.0",
				"is-wsl": "^3.1.0"
			},
			"engines": {
				"node": ">=18"
			},
			"funding": {
				"url": "https://github.com/sponsors/sindresorhus"
			}
		},
		"node_modules/prebuild-install": {
			"version": "7.1.3",
			"resolved": "https://registry.npmjs.org/prebuild-install/-/prebuild-install-7.1.3.tgz",
			"integrity": "sha512-8Mf2cbV7x1cXPUILADGI3wuhfqWvtiLA1iclTDbFRZkgRQS0NqsPZphna9V+HyTEadheuPmjaJMsbzKQFOzLug==",
			"license": "MIT",
			"dependencies": {
				"detect-libc": "^2.0.0",
				"expand-template": "^2.0.3",
				"github-from-package": "0.0.0",
				"minimist": "^1.2.3",
				"mkdirp-classic": "^0.5.3",
				"napi-build-utils": "^2.0.0",
				"node-abi": "^3.3.0",
				"pump": "^3.0.0",
				"rc": "^1.2.7",
				"simple-get": "^4.0.0",
				"tar-fs": "^2.0.0",
				"tunnel-agent": "^0.6.0"
			},
			"bin": {
				"prebuild-install": "bin.js"
			},
			"engines": {
				"node": ">=10"
			}
		},
		"node_modules/protobufjs": {
			"version": "7.5.2",
			"resolved": "https://registry.npmjs.org/protobufjs/-/protobufjs-7.5.2.tgz",
			"integrity": "sha512-f2ls6rpO6G153Cy+o2XQ+Y0sARLOZ17+OGVLHrc3VUKcLHYKEKWbkSujdBWQXM7gKn5NTfp0XnRPZn1MIu8n9w==",
			"hasInstallScript": true,
			"license": "BSD-3-Clause",
			"dependencies": {
				"@protobufjs/aspromise": "^1.1.2",
				"@protobufjs/base64": "^1.1.2",
				"@protobufjs/codegen": "^2.0.4",
				"@protobufjs/eventemitter": "^1.1.0",
				"@protobufjs/fetch": "^1.1.0",
				"@protobufjs/float": "^1.0.2",
				"@protobufjs/inquire": "^1.1.0",
				"@protobufjs/path": "^1.1.2",
				"@protobufjs/pool": "^1.1.0",
				"@protobufjs/utf8": "^1.1.0",
				"@types/node": ">=13.7.0",
				"long": "^5.0.0"
			},
			"engines": {
				"node": ">=12.0.0"
			}
		},
		"node_modules/pump": {
			"version": "3.0.3",
			"resolved": "https://registry.npmjs.org/pump/-/pump-3.0.3.tgz",
			"integrity": "sha512-todwxLMY7/heScKmntwQG8CXVkWUOdYxIvY2s0VWAAMh/nd8SoYiRaKjlr7+iCs984f2P8zvrfWcDDYVb73NfA==",
			"license": "MIT",
			"dependencies": {
				"end-of-stream": "^1.1.0",
				"once": "^1.3.1"
			}
		},
		"node_modules/rc": {
			"version": "1.2.8",
			"resolved": "https://registry.npmjs.org/rc/-/rc-1.2.8.tgz",
			"integrity": "sha512-y3bGgqKj3QBdxLbLkomlohkvsA8gdAiUQlSBJnBhfn+BPxg4bc62d8TcBW15wavDfgexCgccckhcZvywyQYPOw==",
			"license": "(BSD-2-Clause OR MIT OR Apache-2.0)",
			"dependencies": {
				"deep-extend": "^0.6.0",
				"ini": "~1.3.0",
				"minimist": "^1.2.0",
				"strip-json-comments": "~2.0.1"
			},
			"bin": {
				"rc": "cli.js"
			}
		},
		"node_modules/require-directory": {
			"version": "2.1.1",
			"resolved": "https://registry.npmjs.org/require-directory/-/require-directory-2.1.1.tgz",
			"integrity": "sha512-fGxEI7+wsG9xrvdjsrlmL22OMTTiHRwAMroiEeMgq8gzoLC/PQr7RsRDSTLUg/bZAZtF+TVIkHc6/4RIKrui+Q==",
			"license": "MIT",
			"engines": {
				"node": ">=0.10.0"
			}
		},
		"node_modules/run-applescript": {
			"version": "7.0.0",
			"resolved": "https://registry.npmjs.org/run-applescript/-/run-applescript-7.0.0.tgz",
			"integrity": "sha512-9by4Ij99JUr/MCFBUkDKLWK3G9HVXmabKz9U5MlIAIuvuzkiOicRYs8XJLxX+xahD+mLiiCYDqF9dKAgtzKP1A==",
			"license": "MIT",
			"engines": {
				"node": ">=18"
			},
			"funding": {
				"url": "https://github.com/sponsors/sindresorhus"
			}
		},
		"node_modules/safe-buffer": {
			"version": "5.2.1",
			"resolved": "https://registry.npmjs.org/safe-buffer/-/safe-buffer-5.2.1.tgz",
			"integrity": "sha512-rp3So07KcdmmKbGvgaNxQSJr7bGVSVk5S9Eq1F+ppbRo70+YeaDxkw5Dd8NPN+GD6bjnYm2VuPuCXmpuYvmCXQ==",
			"funding": [
				{
					"type": "github",
					"url": "https://github.com/sponsors/feross"
				},
				{
					"type": "patreon",
					"url": "https://www.patreon.com/feross"
				},
				{
					"type": "consulting",
					"url": "https://feross.org/support"
				}
			],
			"license": "MIT"
		},
		"node_modules/semver": {
			"version": "7.7.2",
			"resolved": "https://registry.npmjs.org/semver/-/semver-7.7.2.tgz",
			"integrity": "sha512-RF0Fw+rO5AMf9MAyaRXI4AV0Ulj5lMHqVxxdSgiVbixSCXoEmmX/jk0CuJw4+3SqroYO9VoUh+HcuJivvtJemA==",
			"license": "ISC",
			"bin": {
				"semver": "bin/semver.js"
			},
			"engines": {
				"node": ">=10"
			}
		},
		"node_modules/simple-concat": {
			"version": "1.0.1",
			"resolved": "https://registry.npmjs.org/simple-concat/-/simple-concat-1.0.1.tgz",
			"integrity": "sha512-cSFtAPtRhljv69IK0hTVZQ+OfE9nePi/rtJmw5UjHeVyVroEqJXP1sFztKUy1qU+xvz3u/sfYJLa947b7nAN2Q==",
			"funding": [
				{
					"type": "github",
					"url": "https://github.com/sponsors/feross"
				},
				{
					"type": "patreon",
					"url": "https://www.patreon.com/feross"
				},
				{
					"type": "consulting",
					"url": "https://feross.org/support"
				}
			],
			"license": "MIT"
		},
		"node_modules/simple-get": {
			"version": "4.0.1",
			"resolved": "https://registry.npmjs.org/simple-get/-/simple-get-4.0.1.tgz",
			"integrity": "sha512-brv7p5WgH0jmQJr1ZDDfKDOSeWWg+OVypG99A/5vYGPqJ6pxiaHLy8nxtFjBA7oMa01ebA9gfh1uMCFqOuXxvA==",
			"funding": [
				{
					"type": "github",
					"url": "https://github.com/sponsors/feross"
				},
				{
					"type": "patreon",
					"url": "https://www.patreon.com/feross"
				},
				{
					"type": "consulting",
					"url": "https://feross.org/support"
				}
			],
			"license": "MIT",
			"dependencies": {
				"decompress-response": "^6.0.0",
				"once": "^1.3.1",
				"simple-concat": "^1.0.0"
			}
		},
		"node_modules/streamx": {
			"version": "2.23.0",
			"resolved": "https://registry.npmjs.org/streamx/-/streamx-2.23.0.tgz",
			"integrity": "sha512-kn+e44esVfn2Fa/O0CPFcex27fjIL6MkVae0Mm6q+E6f0hWv578YCERbv+4m02cjxvDsPKLnmxral/rR6lBMAg==",
			"license": "MIT",
			"dependencies": {
				"events-universal": "^1.0.0",
				"fast-fifo": "^1.3.2",
				"text-decoder": "^1.1.0"
			}
		},
		"node_modules/string-width": {
			"version": "4.2.3",
			"resolved": "https://registry.npmjs.org/string-width/-/string-width-4.2.3.tgz",
			"integrity": "sha512-wKyQRQpjJ0sIp62ErSZdGsjMJWsap5oRNihHhu6G7JVO/9jIB6UyevL+tXuOqrng8j/cxKTWyWUwvSTriiZz/g==",
			"license": "MIT",
			"dependencies": {
				"emoji-regex": "^8.0.0",
				"is-fullwidth-code-point": "^3.0.0",
				"strip-ansi": "^6.0.1"
			},
			"engines": {
				"node": ">=8"
			}
		},
		"node_modules/strip-ansi": {
			"version": "6.0.1",
			"resolved": "https://registry.npmjs.org/strip-ansi/-/strip-ansi-6.0.1.tgz",
			"integrity": "sha512-Y38VPSHcqkFrCpFnQ9vuSXmquuv5oXOKpGeT6aGrr3o3Gc9AlVa6JBfUSOCnbxGGZF+/0ooI7KrPuUSztUdU5A==",
			"license": "MIT",
			"dependencies": {
				"ansi-regex": "^5.0.1"
			},
			"engines": {
				"node": ">=8"
			}
		},
		"node_modules/strip-json-comments": {
			"version": "2.0.1",
			"resolved": "https://registry.npmjs.org/strip-json-comments/-/strip-json-comments-2.0.1.tgz",
			"integrity": "sha512-4gB8na07fecVVkOI6Rs4e7T6NOTki5EmL7TUduTs6bu3EdnSycntVJ4re8kgZA+wx9IueI2Y11bfbgwtzuE0KQ==",
			"license": "MIT",
			"engines": {
				"node": ">=0.10.0"
			}
		},
		"node_modules/tar-fs": {
			"version": "3.1.1",
			"resolved": "https://registry.npmjs.org/tar-fs/-/tar-fs-3.1.1.tgz",
			"integrity": "sha512-LZA0oaPOc2fVo82Txf3gw+AkEd38szODlptMYejQUhndHMLQ9M059uXR+AfS7DNo0NpINvSqDsvyaCrBVkptWg==",
			"license": "MIT",
			"dependencies": {
				"pump": "^3.0.0",
				"tar-stream": "^3.1.5"
			},
			"optionalDependencies": {
				"bare-fs": "^4.0.1",
				"bare-path": "^3.0.0"
			}
		},
		"node_modules/tar-stream": {
			"version": "3.1.7",
			"resolved": "https://registry.npmjs.org/tar-stream/-/tar-stream-3.1.7.tgz",
			"integrity": "sha512-qJj60CXt7IU1Ffyc3NJMjh6EkuCFej46zUqJ4J7pqYlThyd9bO0XBTmcOIhSzZJVWfsLks0+nle/j538YAW9RQ==",
			"license": "MIT",
			"dependencies": {
				"b4a": "^1.6.4",
				"fast-fifo": "^1.2.0",
				"streamx": "^2.15.0"
			}
		},
		"node_modules/text-decoder": {
			"version": "1.2.3",
			"resolved": "https://registry.npmjs.org/text-decoder/-/text-decoder-1.2.3.tgz",
			"integrity": "sha512-3/o9z3X0X0fTupwsYvR03pJ/DjWuqqrfwBgTQzdWDiQSm9KitAyz/9WqsT2JQW7KV2m+bC2ol/zqpW37NHxLaA==",
			"license": "Apache-2.0",
			"dependencies": {
				"b4a": "^1.6.4"
			}
		},
		"node_modules/tunnel-agent": {
			"version": "0.6.0",
			"resolved": "https://registry.npmjs.org/tunnel-agent/-/tunnel-agent-0.6.0.tgz",
			"integrity": "sha512-McnNiV1l8RYeY8tBgEpuodCC1mLUdbSN+CYBL7kJsJNInOP8UjDDEwdk6Mw60vdLLrr5NHKZhMAOSrR2NZuQ+w==",
			"license": "Apache-2.0",
			"dependencies": {
				"safe-buffer": "^5.0.1"
			},
			"engines": {
				"node": "*"
			}
		},
		"node_modules/undici-types": {
			"version": "6.21.0",
			"resolved": "https://registry.npmjs.org/undici-types/-/undici-types-6.21.0.tgz",
			"integrity": "sha512-iwDZqg0QAGrg9Rav5H4n0M64c3mkR59cJ6wQp+7C4nI0gsmExaedaYLNO44eT4AtBBwjbTiGPMlt2Md0T9H9JQ==",
			"license": "MIT"
		},
		"node_modules/vscode-uri": {
			"version": "3.1.0",
			"resolved": "https://registry.npmjs.org/vscode-uri/-/vscode-uri-3.1.0.tgz",
			"integrity": "sha512-/BpdSx+yCQGnCvecbyXdxHDkuk55/G3xwnC0GqY4gmQ3j+A+g8kzzgB4Nk/SINjqn6+waqw3EgbVF2QKExkRxQ==",
			"license": "MIT"
		},
		"node_modules/wrap-ansi": {
			"version": "7.0.0",
			"resolved": "https://registry.npmjs.org/wrap-ansi/-/wrap-ansi-7.0.0.tgz",
			"integrity": "sha512-YVGIj2kamLSTxw6NsZjoBxfSwsn0ycdesmc4p+Q21c5zPuZ1pl+NfxVdxPtdHvmNVOQ6XSYG4AUtyt/Fi7D16Q==",
			"license": "MIT",
			"dependencies": {
				"ansi-styles": "^4.0.0",
				"string-width": "^4.1.0",
				"strip-ansi": "^6.0.0"
			},
			"engines": {
				"node": ">=10"
			},
			"funding": {
				"url": "https://github.com/chalk/wrap-ansi?sponsor=1"
			}
		},
		"node_modules/wrappy": {
			"version": "1.0.2",
			"resolved": "https://registry.npmjs.org/wrappy/-/wrappy-1.0.2.tgz",
			"integrity": "sha512-l4Sp/DRseor9wL6EvV2+TuQn63dMkPjZ/sp9XkghTEbV9KlPS1xUsZ3u7/IQO4wxtcFB4bgpQPRcR3QCvezPcQ==",
			"license": "ISC"
		},
		"node_modules/y18n": {
			"version": "5.0.8",
			"resolved": "https://registry.npmjs.org/y18n/-/y18n-5.0.8.tgz",
			"integrity": "sha512-0pfFzegeDWJHJIAmTLRP2DwHjdF5s7jo9tuztdQxAhINCdvS+3nGINqPd00AphqJR/0LhANUS6/+7SCb98YOfA==",
			"license": "ISC",
			"engines": {
				"node": ">=10"
			}
		},
		"node_modules/yargs": {
			"version": "17.7.2",
			"resolved": "https://registry.npmjs.org/yargs/-/yargs-17.7.2.tgz",
			"integrity": "sha512-7dSzzRQ++CKnNI/krKnYRV7JKKPUXMEh61soaHKg9mrWEhzFWhFnxPxGl+69cD1Ou63C13NUPCnmIcrvqCuM6w==",
			"license": "MIT",
			"dependencies": {
				"cliui": "^8.0.1",
				"escalade": "^3.1.1",
				"get-caller-file": "^2.0.5",
				"require-directory": "^2.1.1",
				"string-width": "^4.2.3",
				"y18n": "^5.0.5",
				"yargs-parser": "^21.1.1"
			},
			"engines": {
				"node": ">=12"
			}
		},
		"node_modules/yargs-parser": {
			"version": "21.1.1",
			"resolved": "https://registry.npmjs.org/yargs-parser/-/yargs-parser-21.1.1.tgz",
			"integrity": "sha512-tVpsJW7DdjecAiFpbIB1e3qxIQsE6NoPc5/eTdrbbIC4h0LVsWhnoa3g+m2HclBIujHzsxZ4VJVA+GUuc2/LBw==",
			"license": "ISC",
			"engines": {
				"node": ">=12"
			}
		},
		"vscode": {
			"version": "1.0.0",
			"extraneous": true
		}
	}
}
